// !$*UTF8*$!
{
	archiveVersion = 1;
	classes = {
	};
	objectVersion = 46;
	objects = {

/* Begin PBXBuildFile section */
		8114EF431991FFEF00D5E66F /* main.m in Sources */ = {isa = PBXBuildFile; fileRef = 8114EF421991FFEF00D5E66F /* main.m */; };
		8114EF461991FFEF00D5E66F /* AppDelegate.m in Sources */ = {isa = PBXBuildFile; fileRef = 8114EF451991FFEF00D5E66F /* AppDelegate.m */; };
		8114EF4C1991FFEF00D5E66F /* Main.storyboard in Resources */ = {isa = PBXBuildFile; fileRef = 8114EF4A1991FFEF00D5E66F /* Main.storyboard */; };
		8114EF4E1991FFEF00D5E66F /* Images.xcassets in Resources */ = {isa = PBXBuildFile; fileRef = 8114EF4D1991FFEF00D5E66F /* Images.xcassets */; };
		8114EF5A1991FFEF00D5E66F /* uSav_newUITests.m in Sources */ = {isa = PBXBuildFile; fileRef = 8114EF591991FFEF00D5E66F /* uSav_newUITests.m */; };
		8128787819946A82007C6B39 /* ContactTableViewController.m in Sources */ = {isa = PBXBuildFile; fileRef = 8128787719946A82007C6B39 /* ContactTableViewController.m */; };
		8128787B19946A9A007C6B39 /* ContactGroupTableViewController.m in Sources */ = {isa = PBXBuildFile; fileRef = 8128787A19946A9A007C6B39 /* ContactGroupTableViewController.m */; };
		8128787E19946B0A007C6B39 /* ContactDataBase.m in Sources */ = {isa = PBXBuildFile; fileRef = 8128787D19946B0A007C6B39 /* ContactDataBase.m */; };
		8128788119946BC7007C6B39 /* ContactTableViewCell.m in Sources */ = {isa = PBXBuildFile; fileRef = 8128788019946BC7007C6B39 /* ContactTableViewCell.m */; };
		8128788519947579007C6B39 /* PopUpMenu.m in Sources */ = {isa = PBXBuildFile; fileRef = 8128788419947579007C6B39 /* PopUpMenu.m */; };
		814C13ED19986DF0007F2748 /* PasswordViewController.m in Sources */ = {isa = PBXBuildFile; fileRef = 814C13EC19986DF0007F2748 /* PasswordViewController.m */; };
		814C13F319987295007F2748 /* AboutTableViewController.m in Sources */ = {isa = PBXBuildFile; fileRef = 814C13F219987295007F2748 /* AboutTableViewController.m */; };
		814C13F71998732C007F2748 /* LogsTableViewController.m in Sources */ = {isa = PBXBuildFile; fileRef = 814C13F61998732C007F2748 /* LogsTableViewController.m */; };
		814C13FD19988A6C007F2748 /* FileDetailViewController.m in Sources */ = {isa = PBXBuildFile; fileRef = 814C13FC19988A6C007F2748 /* FileDetailViewController.m */; };
		814C14071999DF85007F2748 /* FileDetailEncryptedViewController.m in Sources */ = {isa = PBXBuildFile; fileRef = 814C14061999DF85007F2748 /* FileDetailEncryptedViewController.m */; };
		814C140F1999EA90007F2748 /* NYOBetterZoomUIScrollView.m in Sources */ = {isa = PBXBuildFile; fileRef = 814C140C1999EA90007F2748 /* NYOBetterZoomUIScrollView.m */; };
		814C14101999EA90007F2748 /* NYOBetterZoomViewController.m in Sources */ = {isa = PBXBuildFile; fileRef = 814C140E1999EA90007F2748 /* NYOBetterZoomViewController.m */; };
		814C141A1999EA9C007F2748 /* KKPasscodeLock.bundle in Resources */ = {isa = PBXBuildFile; fileRef = 814C14111999EA9C007F2748 /* KKPasscodeLock.bundle */; };
		814C141B1999EA9C007F2748 /* KKPasscodeSettingsViewController.m in Sources */ = {isa = PBXBuildFile; fileRef = 814C14121999EA9C007F2748 /* KKPasscodeSettingsViewController.m */; };
		814C141C1999EA9C007F2748 /* KKKeychain.m in Sources */ = {isa = PBXBuildFile; fileRef = 814C14141999EA9C007F2748 /* KKKeychain.m */; };
		814C141D1999EA9C007F2748 /* KKPasscodeLock.m in Sources */ = {isa = PBXBuildFile; fileRef = 814C14161999EA9C007F2748 /* KKPasscodeLock.m */; };
		814C141E1999EA9C007F2748 /* KKPasscodeViewController.m in Sources */ = {isa = PBXBuildFile; fileRef = 814C14191999EA9C007F2748 /* KKPasscodeViewController.m */; };
		814C14221999EB8E007F2748 /* USAVLock.m in Sources */ = {isa = PBXBuildFile; fileRef = 814C14211999EB8E007F2748 /* USAVLock.m */; };
		814C142A1999F537007F2748 /* box_filled.png in Resources */ = {isa = PBXBuildFile; fileRef = 814C14261999F537007F2748 /* box_filled.png */; };
		814C142B1999F537007F2748 /* box_filled@2x.png in Resources */ = {isa = PBXBuildFile; fileRef = 814C14271999F537007F2748 /* box_filled@2x.png */; };
		814C142F199A052E007F2748 /* box_empty.png in Resources */ = {isa = PBXBuildFile; fileRef = 814C142D199A052E007F2748 /* box_empty.png */; };
		814C1430199A052E007F2748 /* box_empty@2x.png in Resources */ = {isa = PBXBuildFile; fileRef = 814C142E199A052E007F2748 /* box_empty@2x.png */; };
		814C1439199A05B3007F2748 /* USAVLockTimeController.m in Sources */ = {isa = PBXBuildFile; fileRef = 814C1438199A05B3007F2748 /* USAVLockTimeController.m */; };
		814C1444199A08D7007F2748 /* Excel@1x.png in Resources */ = {isa = PBXBuildFile; fileRef = 814C143A199A08D7007F2748 /* Excel@1x.png */; };
		814C1445199A08D7007F2748 /* Excel@2x.png in Resources */ = {isa = PBXBuildFile; fileRef = 814C143B199A08D7007F2748 /* Excel@2x.png */; };
		814C1446199A08D7007F2748 /* Mutimedia@1x.png in Resources */ = {isa = PBXBuildFile; fileRef = 814C143C199A08D7007F2748 /* Mutimedia@1x.png */; };
		814C1447199A08D7007F2748 /* Mutimedia@2x.png in Resources */ = {isa = PBXBuildFile; fileRef = 814C143D199A08D7007F2748 /* Mutimedia@2x.png */; };
		814C1448199A08D7007F2748 /* Others@1x.png in Resources */ = {isa = PBXBuildFile; fileRef = 814C143E199A08D7007F2748 /* Others@1x.png */; };
		814C1449199A08D7007F2748 /* Others@2x.png in Resources */ = {isa = PBXBuildFile; fileRef = 814C143F199A08D7007F2748 /* Others@2x.png */; };
		814C144A199A08D7007F2748 /* Powerpoint@1x.png in Resources */ = {isa = PBXBuildFile; fileRef = 814C1440199A08D7007F2748 /* Powerpoint@1x.png */; };
		814C144B199A08D7007F2748 /* Powerpoint@2x.png in Resources */ = {isa = PBXBuildFile; fileRef = 814C1441199A08D7007F2748 /* Powerpoint@2x.png */; };
		814C144C199A08D7007F2748 /* Word@1x.png in Resources */ = {isa = PBXBuildFile; fileRef = 814C1442199A08D7007F2748 /* Word@1x.png */; };
		814C144D199A08D7007F2748 /* Word@2x.png in Resources */ = {isa = PBXBuildFile; fileRef = 814C1443199A08D7007F2748 /* Word@2x.png */; };
		81AD878219922CD700040C7B /* SettingTableViewController.m in Sources */ = {isa = PBXBuildFile; fileRef = 81AD878119922CD700040C7B /* SettingTableViewController.m */; };
		81AD87851992305A00040C7B /* ColorFromHex.m in Sources */ = {isa = PBXBuildFile; fileRef = 81AD87841992305A00040C7B /* ColorFromHex.m */; };
		81AD8788199232CD00040C7B /* FileTableViewController.m in Sources */ = {isa = PBXBuildFile; fileRef = 81AD8787199232CD00040C7B /* FileTableViewController.m */; };
		81AD878D199233D600040C7B /* InitiateWithData.m in Sources */ = {isa = PBXBuildFile; fileRef = 81AD8789199233D600040C7B /* InitiateWithData.m */; };
		81AD878E199233D600040C7B /* FileDataBase.m in Sources */ = {isa = PBXBuildFile; fileRef = 81AD878B199233D600040C7B /* FileDataBase.m */; };
		81AD87931992348900040C7B /* FileTableViewCell.m in Sources */ = {isa = PBXBuildFile; fileRef = 81AD87921992348900040C7B /* FileTableViewCell.m */; };
		81AD87981993263300040C7B /* FileDecryptionTableViewController.m in Sources */ = {isa = PBXBuildFile; fileRef = 81AD87971993263300040C7B /* FileDecryptionTableViewController.m */; };
		81B1BC0F199496BE00E01E76 /* AddFileTableViewController.m in Sources */ = {isa = PBXBuildFile; fileRef = 81B1BC0E199496BE00E01E76 /* AddFileTableViewController.m */; };
		81B1BC1219949A8600E01E76 /* AddFileTableViewCell.m in Sources */ = {isa = PBXBuildFile; fileRef = 81B1BC1119949A8600E01E76 /* AddFileTableViewCell.m */; };
		81B1BC151994A5BA00E01E76 /* AddFirendTableViewCell.m in Sources */ = {isa = PBXBuildFile; fileRef = 81B1BC141994A5BA00E01E76 /* AddFirendTableViewCell.m */; };
		81B1BC181994A5CE00E01E76 /* AddFriendTableViewController.m in Sources */ = {isa = PBXBuildFile; fileRef = 81B1BC171994A5CE00E01E76 /* AddFriendTableViewController.m */; };
/* End PBXBuildFile section */

/* Begin PBXContainerItemProxy section */
		8114EF541991FFEF00D5E66F /* PBXContainerItemProxy */ = {
			isa = PBXContainerItemProxy;
			containerPortal = 8114EF351991FFEF00D5E66F /* Project object */;
			proxyType = 1;
			remoteGlobalIDString = 8114EF3C1991FFEF00D5E66F;
			remoteInfo = "uSav-newUI";
		};
/* End PBXContainerItemProxy section */

/* Begin PBXFileReference section */
		8114EF3D1991FFEF00D5E66F /* uSav-newUI.app */ = {isa = PBXFileReference; explicitFileType = wrapper.application; includeInIndex = 0; path = "uSav-newUI.app"; sourceTree = BUILT_PRODUCTS_DIR; };
		8114EF411991FFEF00D5E66F /* Info.plist */ = {isa = PBXFileReference; lastKnownFileType = text.plist.xml; path = Info.plist; sourceTree = "<group>"; };
		8114EF421991FFEF00D5E66F /* main.m */ = {isa = PBXFileReference; lastKnownFileType = sourcecode.c.objc; path = main.m; sourceTree = "<group>"; };
		8114EF441991FFEF00D5E66F /* AppDelegate.h */ = {isa = PBXFileReference; lastKnownFileType = sourcecode.c.h; path = AppDelegate.h; sourceTree = "<group>"; };
		8114EF451991FFEF00D5E66F /* AppDelegate.m */ = {isa = PBXFileReference; lastKnownFileType = sourcecode.c.objc; path = AppDelegate.m; sourceTree = "<group>"; };
		8114EF4B1991FFEF00D5E66F /* Base */ = {isa = PBXFileReference; lastKnownFileType = file.storyboard; name = Base; path = Base.lproj/Main.storyboard; sourceTree = "<group>"; };
		8114EF4D1991FFEF00D5E66F /* Images.xcassets */ = {isa = PBXFileReference; lastKnownFileType = folder.assetcatalog; path = Images.xcassets; sourceTree = "<group>"; };
		8114EF531991FFEF00D5E66F /* uSav-newUITests.xctest */ = {isa = PBXFileReference; explicitFileType = wrapper.cfbundle; includeInIndex = 0; path = "uSav-newUITests.xctest"; sourceTree = BUILT_PRODUCTS_DIR; };
		8114EF581991FFEF00D5E66F /* Info.plist */ = {isa = PBXFileReference; lastKnownFileType = text.plist.xml; path = Info.plist; sourceTree = "<group>"; };
		8114EF591991FFEF00D5E66F /* uSav_newUITests.m */ = {isa = PBXFileReference; lastKnownFileType = sourcecode.c.objc; path = uSav_newUITests.m; sourceTree = "<group>"; };
		8128787619946A82007C6B39 /* ContactTableViewController.h */ = {isa = PBXFileReference; fileEncoding = 4; lastKnownFileType = sourcecode.c.h; path = ContactTableViewController.h; sourceTree = "<group>"; };
		8128787719946A82007C6B39 /* ContactTableViewController.m */ = {isa = PBXFileReference; fileEncoding = 4; lastKnownFileType = sourcecode.c.objc; path = ContactTableViewController.m; sourceTree = "<group>"; };
		8128787919946A9A007C6B39 /* ContactGroupTableViewController.h */ = {isa = PBXFileReference; fileEncoding = 4; lastKnownFileType = sourcecode.c.h; path = ContactGroupTableViewController.h; sourceTree = "<group>"; };
		8128787A19946A9A007C6B39 /* ContactGroupTableViewController.m */ = {isa = PBXFileReference; fileEncoding = 4; lastKnownFileType = sourcecode.c.objc; path = ContactGroupTableViewController.m; sourceTree = "<group>"; };
		8128787C19946B0A007C6B39 /* ContactDataBase.h */ = {isa = PBXFileReference; fileEncoding = 4; lastKnownFileType = sourcecode.c.h; path = ContactDataBase.h; sourceTree = "<group>"; };
		8128787D19946B0A007C6B39 /* ContactDataBase.m */ = {isa = PBXFileReference; fileEncoding = 4; lastKnownFileType = sourcecode.c.objc; path = ContactDataBase.m; sourceTree = "<group>"; };
		8128787F19946BC7007C6B39 /* ContactTableViewCell.h */ = {isa = PBXFileReference; fileEncoding = 4; lastKnownFileType = sourcecode.c.h; path = ContactTableViewCell.h; sourceTree = "<group>"; };
		8128788019946BC7007C6B39 /* ContactTableViewCell.m */ = {isa = PBXFileReference; fileEncoding = 4; lastKnownFileType = sourcecode.c.objc; path = ContactTableViewCell.m; sourceTree = "<group>"; };
		8128788319947579007C6B39 /* PopUpMenu.h */ = {isa = PBXFileReference; fileEncoding = 4; lastKnownFileType = sourcecode.c.h; path = PopUpMenu.h; sourceTree = "<group>"; };
		8128788419947579007C6B39 /* PopUpMenu.m */ = {isa = PBXFileReference; fileEncoding = 4; lastKnownFileType = sourcecode.c.objc; path = PopUpMenu.m; sourceTree = "<group>"; };
		814C13EB19986DF0007F2748 /* PasswordViewController.h */ = {isa = PBXFileReference; fileEncoding = 4; lastKnownFileType = sourcecode.c.h; path = PasswordViewController.h; sourceTree = "<group>"; };
		814C13EC19986DF0007F2748 /* PasswordViewController.m */ = {isa = PBXFileReference; fileEncoding = 4; lastKnownFileType = sourcecode.c.objc; path = PasswordViewController.m; sourceTree = "<group>"; };
		814C13F119987295007F2748 /* AboutTableViewController.h */ = {isa = PBXFileReference; fileEncoding = 4; lastKnownFileType = sourcecode.c.h; path = AboutTableViewController.h; sourceTree = "<group>"; };
		814C13F219987295007F2748 /* AboutTableViewController.m */ = {isa = PBXFileReference; fileEncoding = 4; lastKnownFileType = sourcecode.c.objc; path = AboutTableViewController.m; sourceTree = "<group>"; };
		814C13F51998732C007F2748 /* LogsTableViewController.h */ = {isa = PBXFileReference; fileEncoding = 4; lastKnownFileType = sourcecode.c.h; path = LogsTableViewController.h; sourceTree = "<group>"; };
		814C13F61998732C007F2748 /* LogsTableViewController.m */ = {isa = PBXFileReference; fileEncoding = 4; lastKnownFileType = sourcecode.c.objc; path = LogsTableViewController.m; sourceTree = "<group>"; };
		814C13FB19988A6C007F2748 /* FileDetailViewController.h */ = {isa = PBXFileReference; fileEncoding = 4; lastKnownFileType = sourcecode.c.h; path = FileDetailViewController.h; sourceTree = "<group>"; };
		814C13FC19988A6C007F2748 /* FileDetailViewController.m */ = {isa = PBXFileReference; fileEncoding = 4; lastKnownFileType = sourcecode.c.objc; path = FileDetailViewController.m; sourceTree = "<group>"; };
		814C14051999DF85007F2748 /* FileDetailEncryptedViewController.h */ = {isa = PBXFileReference; fileEncoding = 4; lastKnownFileType = sourcecode.c.h; path = FileDetailEncryptedViewController.h; sourceTree = "<group>"; };
		814C14061999DF85007F2748 /* FileDetailEncryptedViewController.m */ = {isa = PBXFileReference; fileEncoding = 4; lastKnownFileType = sourcecode.c.objc; path = FileDetailEncryptedViewController.m; sourceTree = "<group>"; };
		814C140B1999EA90007F2748 /* NYOBetterZoomUIScrollView.h */ = {isa = PBXFileReference; fileEncoding = 4; lastKnownFileType = sourcecode.c.h; name = NYOBetterZoomUIScrollView.h; path = NYOImageViewer/NYOBetterZoomUIScrollView.h; sourceTree = "<group>"; };
		814C140C1999EA90007F2748 /* NYOBetterZoomUIScrollView.m */ = {isa = PBXFileReference; fileEncoding = 4; lastKnownFileType = sourcecode.c.objc; name = NYOBetterZoomUIScrollView.m; path = NYOImageViewer/NYOBetterZoomUIScrollView.m; sourceTree = "<group>"; };
		814C140D1999EA90007F2748 /* NYOBetterZoomViewController.h */ = {isa = PBXFileReference; fileEncoding = 4; lastKnownFileType = sourcecode.c.h; name = NYOBetterZoomViewController.h; path = NYOImageViewer/NYOBetterZoomViewController.h; sourceTree = "<group>"; };
		814C140E1999EA90007F2748 /* NYOBetterZoomViewController.m */ = {isa = PBXFileReference; fileEncoding = 4; lastKnownFileType = sourcecode.c.objc; name = NYOBetterZoomViewController.m; path = NYOImageViewer/NYOBetterZoomViewController.m; sourceTree = "<group>"; };
		814C14111999EA9C007F2748 /* KKPasscodeLock.bundle */ = {isa = PBXFileReference; lastKnownFileType = "wrapper.plug-in"; name = KKPasscodeLock.bundle; path = Passcode/KKPasscodeLock.bundle; sourceTree = "<group>"; };
		814C14121999EA9C007F2748 /* KKPasscodeSettingsViewController.m */ = {isa = PBXFileReference; fileEncoding = 4; lastKnownFileType = sourcecode.c.objc; name = KKPasscodeSettingsViewController.m; path = Passcode/KKPasscodeSettingsViewController.m; sourceTree = "<group>"; };
		814C14131999EA9C007F2748 /* KKKeychain.h */ = {isa = PBXFileReference; fileEncoding = 4; lastKnownFileType = sourcecode.c.h; name = KKKeychain.h; path = Passcode/KKKeychain.h; sourceTree = "<group>"; };
		814C14141999EA9C007F2748 /* KKKeychain.m */ = {isa = PBXFileReference; fileEncoding = 4; lastKnownFileType = sourcecode.c.objc; name = KKKeychain.m; path = Passcode/KKKeychain.m; sourceTree = "<group>"; };
		814C14151999EA9C007F2748 /* KKPasscodeLock.h */ = {isa = PBXFileReference; fileEncoding = 4; lastKnownFileType = sourcecode.c.h; name = KKPasscodeLock.h; path = Passcode/KKPasscodeLock.h; sourceTree = "<group>"; };
		814C14161999EA9C007F2748 /* KKPasscodeLock.m */ = {isa = PBXFileReference; fileEncoding = 4; lastKnownFileType = sourcecode.c.objc; name = KKPasscodeLock.m; path = Passcode/KKPasscodeLock.m; sourceTree = "<group>"; };
		814C14171999EA9C007F2748 /* KKPasscodeSettingsViewController.h */ = {isa = PBXFileReference; fileEncoding = 4; lastKnownFileType = sourcecode.c.h; name = KKPasscodeSettingsViewController.h; path = Passcode/KKPasscodeSettingsViewController.h; sourceTree = "<group>"; };
		814C14181999EA9C007F2748 /* KKPasscodeViewController.h */ = {isa = PBXFileReference; fileEncoding = 4; lastKnownFileType = sourcecode.c.h; name = KKPasscodeViewController.h; path = Passcode/KKPasscodeViewController.h; sourceTree = "<group>"; };
		814C14191999EA9C007F2748 /* KKPasscodeViewController.m */ = {isa = PBXFileReference; fileEncoding = 4; lastKnownFileType = sourcecode.c.objc; name = KKPasscodeViewController.m; path = Passcode/KKPasscodeViewController.m; sourceTree = "<group>"; };
		814C14201999EB8E007F2748 /* USAVLock.h */ = {isa = PBXFileReference; fileEncoding = 4; lastKnownFileType = sourcecode.c.h; path = USAVLock.h; sourceTree = "<group>"; };
		814C14211999EB8E007F2748 /* USAVLock.m */ = {isa = PBXFileReference; fileEncoding = 4; lastKnownFileType = sourcecode.c.objc; path = USAVLock.m; sourceTree = "<group>"; };
		814C14261999F537007F2748 /* box_filled.png */ = {isa = PBXFileReference; lastKnownFileType = image.png; path = box_filled.png; sourceTree = "<group>"; };
		814C14271999F537007F2748 /* box_filled@2x.png */ = {isa = PBXFileReference; lastKnownFileType = image.png; path = "box_filled@2x.png"; sourceTree = "<group>"; };
		814C142D199A052E007F2748 /* box_empty.png */ = {isa = PBXFileReference; lastKnownFileType = image.png; path = box_empty.png; sourceTree = "<group>"; };
		814C142E199A052E007F2748 /* box_empty@2x.png */ = {isa = PBXFileReference; lastKnownFileType = image.png; path = "box_empty@2x.png"; sourceTree = "<group>"; };
		814C1437199A05B3007F2748 /* USAVLockTimeController.h */ = {isa = PBXFileReference; fileEncoding = 4; lastKnownFileType = sourcecode.c.h; path = USAVLockTimeController.h; sourceTree = "<group>"; };
		814C1438199A05B3007F2748 /* USAVLockTimeController.m */ = {isa = PBXFileReference; fileEncoding = 4; lastKnownFileType = sourcecode.c.objc; path = USAVLockTimeController.m; sourceTree = "<group>"; };
		814C143A199A08D7007F2748 /* Excel@1x.png */ = {isa = PBXFileReference; lastKnownFileType = image.png; path = "Excel@1x.png"; sourceTree = "<group>"; };
		814C143B199A08D7007F2748 /* Excel@2x.png */ = {isa = PBXFileReference; lastKnownFileType = image.png; path = "Excel@2x.png"; sourceTree = "<group>"; };
		814C143C199A08D7007F2748 /* Mutimedia@1x.png */ = {isa = PBXFileReference; lastKnownFileType = image.png; path = "Mutimedia@1x.png"; sourceTree = "<group>"; };
		814C143D199A08D7007F2748 /* Mutimedia@2x.png */ = {isa = PBXFileReference; lastKnownFileType = image.png; path = "Mutimedia@2x.png"; sourceTree = "<group>"; };
		814C143E199A08D7007F2748 /* Others@1x.png */ = {isa = PBXFileReference; lastKnownFileType = image.png; path = "Others@1x.png"; sourceTree = "<group>"; };
		814C143F199A08D7007F2748 /* Others@2x.png */ = {isa = PBXFileReference; lastKnownFileType = image.png; path = "Others@2x.png"; sourceTree = "<group>"; };
		814C1440199A08D7007F2748 /* Powerpoint@1x.png */ = {isa = PBXFileReference; lastKnownFileType = image.png; path = "Powerpoint@1x.png"; sourceTree = "<group>"; };
		814C1441199A08D7007F2748 /* Powerpoint@2x.png */ = {isa = PBXFileReference; lastKnownFileType = image.png; path = "Powerpoint@2x.png"; sourceTree = "<group>"; };
		814C1442199A08D7007F2748 /* Word@1x.png */ = {isa = PBXFileReference; lastKnownFileType = image.png; path = "Word@1x.png"; sourceTree = "<group>"; };
		814C1443199A08D7007F2748 /* Word@2x.png */ = {isa = PBXFileReference; lastKnownFileType = image.png; path = "Word@2x.png"; sourceTree = "<group>"; };
		81AD878019922CD700040C7B /* SettingTableViewController.h */ = {isa = PBXFileReference; fileEncoding = 4; lastKnownFileType = sourcecode.c.h; path = SettingTableViewController.h; sourceTree = "<group>"; };
		81AD878119922CD700040C7B /* SettingTableViewController.m */ = {isa = PBXFileReference; fileEncoding = 4; lastKnownFileType = sourcecode.c.objc; path = SettingTableViewController.m; sourceTree = "<group>"; };
		81AD87831992305A00040C7B /* ColorFromHex.h */ = {isa = PBXFileReference; fileEncoding = 4; lastKnownFileType = sourcecode.c.h; path = ColorFromHex.h; sourceTree = "<group>"; };
		81AD87841992305A00040C7B /* ColorFromHex.m */ = {isa = PBXFileReference; fileEncoding = 4; lastKnownFileType = sourcecode.c.objc; path = ColorFromHex.m; sourceTree = "<group>"; };
		81AD8786199232CD00040C7B /* FileTableViewController.h */ = {isa = PBXFileReference; fileEncoding = 4; lastKnownFileType = sourcecode.c.h; path = FileTableViewController.h; sourceTree = "<group>"; };
		81AD8787199232CD00040C7B /* FileTableViewController.m */ = {isa = PBXFileReference; fileEncoding = 4; lastKnownFileType = sourcecode.c.objc; path = FileTableViewController.m; sourceTree = "<group>"; };
		81AD8789199233D600040C7B /* InitiateWithData.m */ = {isa = PBXFileReference; fileEncoding = 4; lastKnownFileType = sourcecode.c.objc; path = InitiateWithData.m; sourceTree = "<group>"; };
		81AD878A199233D600040C7B /* FileDataBase.h */ = {isa = PBXFileReference; fileEncoding = 4; lastKnownFileType = sourcecode.c.h; path = FileDataBase.h; sourceTree = "<group>"; };
		81AD878B199233D600040C7B /* FileDataBase.m */ = {isa = PBXFileReference; fileEncoding = 4; lastKnownFileType = sourcecode.c.objc; path = FileDataBase.m; sourceTree = "<group>"; };
		81AD878C199233D600040C7B /* InitiateWithData.h */ = {isa = PBXFileReference; fileEncoding = 4; lastKnownFileType = sourcecode.c.h; path = InitiateWithData.h; sourceTree = "<group>"; };
		81AD87911992348900040C7B /* FileTableViewCell.h */ = {isa = PBXFileReference; fileEncoding = 4; lastKnownFileType = sourcecode.c.h; path = FileTableViewCell.h; sourceTree = "<group>"; };
		81AD87921992348900040C7B /* FileTableViewCell.m */ = {isa = PBXFileReference; fileEncoding = 4; lastKnownFileType = sourcecode.c.objc; path = FileTableViewCell.m; sourceTree = "<group>"; };
		81AD87961993263300040C7B /* FileDecryptionTableViewController.h */ = {isa = PBXFileReference; fileEncoding = 4; lastKnownFileType = sourcecode.c.h; path = FileDecryptionTableViewController.h; sourceTree = "<group>"; };
		81AD87971993263300040C7B /* FileDecryptionTableViewController.m */ = {isa = PBXFileReference; fileEncoding = 4; lastKnownFileType = sourcecode.c.objc; path = FileDecryptionTableViewController.m; sourceTree = "<group>"; };
		81B1BC0D199496BE00E01E76 /* AddFileTableViewController.h */ = {isa = PBXFileReference; fileEncoding = 4; lastKnownFileType = sourcecode.c.h; path = AddFileTableViewController.h; sourceTree = "<group>"; };
		81B1BC0E199496BE00E01E76 /* AddFileTableViewController.m */ = {isa = PBXFileReference; fileEncoding = 4; lastKnownFileType = sourcecode.c.objc; path = AddFileTableViewController.m; sourceTree = "<group>"; };
		81B1BC1019949A8600E01E76 /* AddFileTableViewCell.h */ = {isa = PBXFileReference; fileEncoding = 4; lastKnownFileType = sourcecode.c.h; path = AddFileTableViewCell.h; sourceTree = "<group>"; };
		81B1BC1119949A8600E01E76 /* AddFileTableViewCell.m */ = {isa = PBXFileReference; fileEncoding = 4; lastKnownFileType = sourcecode.c.objc; path = AddFileTableViewCell.m; sourceTree = "<group>"; };
		81B1BC131994A5BA00E01E76 /* AddFirendTableViewCell.h */ = {isa = PBXFileReference; fileEncoding = 4; lastKnownFileType = sourcecode.c.h; path = AddFirendTableViewCell.h; sourceTree = "<group>"; };
		81B1BC141994A5BA00E01E76 /* AddFirendTableViewCell.m */ = {isa = PBXFileReference; fileEncoding = 4; lastKnownFileType = sourcecode.c.objc; path = AddFirendTableViewCell.m; sourceTree = "<group>"; };
		81B1BC161994A5CE00E01E76 /* AddFriendTableViewController.h */ = {isa = PBXFileReference; fileEncoding = 4; lastKnownFileType = sourcecode.c.h; path = AddFriendTableViewController.h; sourceTree = "<group>"; };
		81B1BC171994A5CE00E01E76 /* AddFriendTableViewController.m */ = {isa = PBXFileReference; fileEncoding = 4; lastKnownFileType = sourcecode.c.objc; path = AddFriendTableViewController.m; sourceTree = "<group>"; };
/* End PBXFileReference section */

/* Begin PBXFrameworksBuildPhase section */
		8114EF3A1991FFEF00D5E66F /* Frameworks */ = {
			isa = PBXFrameworksBuildPhase;
			buildActionMask = 2147483647;
			files = (
			);
			runOnlyForDeploymentPostprocessing = 0;
		};
		8114EF501991FFEF00D5E66F /* Frameworks */ = {
			isa = PBXFrameworksBuildPhase;
			buildActionMask = 2147483647;
			files = (
			);
			runOnlyForDeploymentPostprocessing = 0;
		};
/* End PBXFrameworksBuildPhase section */

/* Begin PBXGroup section */
		8114EF341991FFEF00D5E66F = {
			isa = PBXGroup;
			children = (
				8114EF3F1991FFEF00D5E66F /* uSav-newUI */,
				8114EF561991FFEF00D5E66F /* uSav-newUITests */,
				8114EF3E1991FFEF00D5E66F /* Products */,
			);
			sourceTree = "<group>";
		};
		8114EF3E1991FFEF00D5E66F /* Products */ = {
			isa = PBXGroup;
			children = (
				8114EF3D1991FFEF00D5E66F /* uSav-newUI.app */,
				8114EF531991FFEF00D5E66F /* uSav-newUITests.xctest */,
			);
			name = Products;
			sourceTree = "<group>";
		};
		8114EF3F1991FFEF00D5E66F /* uSav-newUI */ = {
			isa = PBXGroup;
			children = (
				8114EF441991FFEF00D5E66F /* AppDelegate.h */,
				8114EF451991FFEF00D5E66F /* AppDelegate.m */,
				8128788219947558007C6B39 /* First Lv. Controller */,
				814C13F4199872C6007F2748 /* Second Lv. Controller */,
				81AD8795199234A000040C7B /* Cells */,
				81AD87901992343F00040C7B /* 测试数据 */,
				81AD878F1992343400040C7B /* 颜色动画和菜单 */,
				814C14231999EBA1007F2748 /* USAV-relevant */,
				8114EF4D1991FFEF00D5E66F /* Images.xcassets */,
				8114EF4A1991FFEF00D5E66F /* Main.storyboard */,
				8114EF401991FFEF00D5E66F /* Supporting Files */,
			);
			path = "uSav-newUI";
			sourceTree = "<group>";
		};
		8114EF401991FFEF00D5E66F /* Supporting Files */ = {
			isa = PBXGroup;
			children = (
				814C142C1999F53E007F2748 /* 由于beta3的图片显示bug，暂时放在这里 */,
				8114EF411991FFEF00D5E66F /* Info.plist */,
				8114EF421991FFEF00D5E66F /* main.m */,
			);
			name = "Supporting Files";
			sourceTree = "<group>";
		};
		8114EF561991FFEF00D5E66F /* uSav-newUITests */ = {
			isa = PBXGroup;
			children = (
				8114EF591991FFEF00D5E66F /* uSav_newUITests.m */,
				8114EF571991FFEF00D5E66F /* Supporting Files */,
			);
			path = "uSav-newUITests";
			sourceTree = "<group>";
		};
		8114EF571991FFEF00D5E66F /* Supporting Files */ = {
			isa = PBXGroup;
			children = (
				8114EF581991FFEF00D5E66F /* Info.plist */,
			);
			name = "Supporting Files";
			sourceTree = "<group>";
		};
		8128788219947558007C6B39 /* First Lv. Controller */ = {
			isa = PBXGroup;
			children = (
				81AD8786199232CD00040C7B /* FileTableViewController.h */,
				81AD8787199232CD00040C7B /* FileTableViewController.m */,
				81AD87961993263300040C7B /* FileDecryptionTableViewController.h */,
				81AD87971993263300040C7B /* FileDecryptionTableViewController.m */,
				8128787619946A82007C6B39 /* ContactTableViewController.h */,
				8128787719946A82007C6B39 /* ContactTableViewController.m */,
				8128787919946A9A007C6B39 /* ContactGroupTableViewController.h */,
				8128787A19946A9A007C6B39 /* ContactGroupTableViewController.m */,
				81AD878019922CD700040C7B /* SettingTableViewController.h */,
				81AD878119922CD700040C7B /* SettingTableViewController.m */,
			);
			name = "First Lv. Controller";
			sourceTree = "<group>";
		};
		814C13F4199872C6007F2748 /* Second Lv. Controller */ = {
			isa = PBXGroup;
			children = (
				814C14041999B5EF007F2748 /* ImageViewer */,
				814C141F1999EAA3007F2748 /* PassCode */,
				81B1BC0D199496BE00E01E76 /* AddFileTableViewController.h */,
				81B1BC0E199496BE00E01E76 /* AddFileTableViewController.m */,
				81B1BC161994A5CE00E01E76 /* AddFriendTableViewController.h */,
				81B1BC171994A5CE00E01E76 /* AddFriendTableViewController.m */,
				814C13FB19988A6C007F2748 /* FileDetailViewController.h */,
				814C13FC19988A6C007F2748 /* FileDetailViewController.m */,
				814C14051999DF85007F2748 /* FileDetailEncryptedViewController.h */,
				814C14061999DF85007F2748 /* FileDetailEncryptedViewController.m */,
				814C13EB19986DF0007F2748 /* PasswordViewController.h */,
				814C13EC19986DF0007F2748 /* PasswordViewController.m */,
				814C13F119987295007F2748 /* AboutTableViewController.h */,
				814C13F219987295007F2748 /* AboutTableViewController.m */,
				814C13F51998732C007F2748 /* LogsTableViewController.h */,
				814C13F61998732C007F2748 /* LogsTableViewController.m */,
			);
			name = "Second Lv. Controller";
			sourceTree = "<group>";
		};
		814C14041999B5EF007F2748 /* ImageViewer */ = {
			isa = PBXGroup;
			children = (
				814C140B1999EA90007F2748 /* NYOBetterZoomUIScrollView.h */,
				814C140C1999EA90007F2748 /* NYOBetterZoomUIScrollView.m */,
				814C140D1999EA90007F2748 /* NYOBetterZoomViewController.h */,
				814C140E1999EA90007F2748 /* NYOBetterZoomViewController.m */,
			);
			name = ImageViewer;
			sourceTree = "<group>";
		};
		814C141F1999EAA3007F2748 /* PassCode */ = {
			isa = PBXGroup;
			children = (
				814C14111999EA9C007F2748 /* KKPasscodeLock.bundle */,
				814C14171999EA9C007F2748 /* KKPasscodeSettingsViewController.h */,
				814C14121999EA9C007F2748 /* KKPasscodeSettingsViewController.m */,
				814C14131999EA9C007F2748 /* KKKeychain.h */,
				814C14141999EA9C007F2748 /* KKKeychain.m */,
				814C14151999EA9C007F2748 /* KKPasscodeLock.h */,
				814C14161999EA9C007F2748 /* KKPasscodeLock.m */,
				814C14181999EA9C007F2748 /* KKPasscodeViewController.h */,
				814C14191999EA9C007F2748 /* KKPasscodeViewController.m */,
			);
			name = PassCode;
			sourceTree = "<group>";
		};
		814C14231999EBA1007F2748 /* USAV-relevant */ = {
			isa = PBXGroup;
			children = (
				814C1437199A05B3007F2748 /* USAVLockTimeController.h */,
				814C1438199A05B3007F2748 /* USAVLockTimeController.m */,
				814C14201999EB8E007F2748 /* USAVLock.h */,
				814C14211999EB8E007F2748 /* USAVLock.m */,
			);
			name = "USAV-relevant";
			sourceTree = "<group>";
		};
		814C142C1999F53E007F2748 /* 由于beta3的图片显示bug，暂时放在这里 */ = {
			isa = PBXGroup;
			children = (
				814C143A199A08D7007F2748 /* Excel@1x.png */,
				814C143B199A08D7007F2748 /* Excel@2x.png */,
				814C143C199A08D7007F2748 /* Mutimedia@1x.png */,
				814C143D199A08D7007F2748 /* Mutimedia@2x.png */,
				814C143E199A08D7007F2748 /* Others@1x.png */,
				814C143F199A08D7007F2748 /* Others@2x.png */,
				814C1440199A08D7007F2748 /* Powerpoint@1x.png */,
				814C1441199A08D7007F2748 /* Powerpoint@2x.png */,
				814C1442199A08D7007F2748 /* Word@1x.png */,
				814C1443199A08D7007F2748 /* Word@2x.png */,
				814C142D199A052E007F2748 /* box_empty.png */,
				814C142E199A052E007F2748 /* box_empty@2x.png */,
				814C14261999F537007F2748 /* box_filled.png */,
				814C14271999F537007F2748 /* box_filled@2x.png */,
			);
			name = "由于beta3的图片显示bug，暂时放在这里";
			sourceTree = "<group>";
		};
		81AD878F1992343400040C7B /* 颜色动画和菜单 */ = {
			isa = PBXGroup;
			children = (
				8128788319947579007C6B39 /* PopUpMenu.h */,
				8128788419947579007C6B39 /* PopUpMenu.m */,
				81AD87831992305A00040C7B /* ColorFromHex.h */,
				81AD87841992305A00040C7B /* ColorFromHex.m */,
			);
			name = "颜色动画和菜单";
			sourceTree = "<group>";
		};
		81AD87901992343F00040C7B /* 测试数据 */ = {
			isa = PBXGroup;
			children = (
				81AD8789199233D600040C7B /* InitiateWithData.m */,
				81AD878C199233D600040C7B /* InitiateWithData.h */,
				81AD878A199233D600040C7B /* FileDataBase.h */,
				81AD878B199233D600040C7B /* FileDataBase.m */,
				8128787C19946B0A007C6B39 /* ContactDataBase.h */,
				8128787D19946B0A007C6B39 /* ContactDataBase.m */,
			);
			name = "测试数据";
			sourceTree = "<group>";
		};
		81AD8795199234A000040C7B /* Cells */ = {
			isa = PBXGroup;
			children = (
				81AD87911992348900040C7B /* FileTableViewCell.h */,
				81AD87921992348900040C7B /* FileTableViewCell.m */,
				8128787F19946BC7007C6B39 /* ContactTableViewCell.h */,
				8128788019946BC7007C6B39 /* ContactTableViewCell.m */,
				81B1BC1019949A8600E01E76 /* AddFileTableViewCell.h */,
				81B1BC1119949A8600E01E76 /* AddFileTableViewCell.m */,
				81B1BC131994A5BA00E01E76 /* AddFirendTableViewCell.h */,
				81B1BC141994A5BA00E01E76 /* AddFirendTableViewCell.m */,
			);
			name = Cells;
			sourceTree = "<group>";
		};
/* End PBXGroup section */

/* Begin PBXNativeTarget section */
		8114EF3C1991FFEF00D5E66F /* uSav-newUI */ = {
			isa = PBXNativeTarget;
			buildConfigurationList = 8114EF5D1991FFEF00D5E66F /* Build configuration list for PBXNativeTarget "uSav-newUI" */;
			buildPhases = (
				8114EF391991FFEF00D5E66F /* Sources */,
				8114EF3A1991FFEF00D5E66F /* Frameworks */,
				8114EF3B1991FFEF00D5E66F /* Resources */,
			);
			buildRules = (
			);
			dependencies = (
			);
			name = "uSav-newUI";
			productName = "uSav-newUI";
			productReference = 8114EF3D1991FFEF00D5E66F /* uSav-newUI.app */;
			productType = "com.apple.product-type.application";
		};
		8114EF521991FFEF00D5E66F /* uSav-newUITests */ = {
			isa = PBXNativeTarget;
			buildConfigurationList = 8114EF601991FFEF00D5E66F /* Build configuration list for PBXNativeTarget "uSav-newUITests" */;
			buildPhases = (
				8114EF4F1991FFEF00D5E66F /* Sources */,
				8114EF501991FFEF00D5E66F /* Frameworks */,
				8114EF511991FFEF00D5E66F /* Resources */,
			);
			buildRules = (
			);
			dependencies = (
				8114EF551991FFEF00D5E66F /* PBXTargetDependency */,
			);
			name = "uSav-newUITests";
			productName = "uSav-newUITests";
			productReference = 8114EF531991FFEF00D5E66F /* uSav-newUITests.xctest */;
			productType = "com.apple.product-type.bundle.unit-test";
		};
/* End PBXNativeTarget section */

/* Begin PBXProject section */
		8114EF351991FFEF00D5E66F /* Project object */ = {
			isa = PBXProject;
			attributes = {
				LastUpgradeCheck = 0600;
				ORGANIZATIONNAME = nwstor;
				TargetAttributes = {
					8114EF3C1991FFEF00D5E66F = {
						CreatedOnToolsVersion = 6.0;
						DevelopmentTeam = NEDJPTG729;
					};
					8114EF521991FFEF00D5E66F = {
						CreatedOnToolsVersion = 6.0;
						TestTargetID = 8114EF3C1991FFEF00D5E66F;
					};
				};
			};
			buildConfigurationList = 8114EF381991FFEF00D5E66F /* Build configuration list for PBXProject "uSav-newUI" */;
			compatibilityVersion = "Xcode 3.2";
			developmentRegion = English;
			hasScannedForEncodings = 0;
			knownRegions = (
				en,
				Base,
			);
			mainGroup = 8114EF341991FFEF00D5E66F;
			productRefGroup = 8114EF3E1991FFEF00D5E66F /* Products */;
			projectDirPath = "";
			projectRoot = "";
			targets = (
				8114EF3C1991FFEF00D5E66F /* uSav-newUI */,
				8114EF521991FFEF00D5E66F /* uSav-newUITests */,
			);
		};
/* End PBXProject section */

/* Begin PBXResourcesBuildPhase section */
		8114EF3B1991FFEF00D5E66F /* Resources */ = {
			isa = PBXResourcesBuildPhase;
			buildActionMask = 2147483647;
			files = (
				814C1445199A08D7007F2748 /* Excel@2x.png in Resources */,
				814C1430199A052E007F2748 /* box_empty@2x.png in Resources */,
				814C1444199A08D7007F2748 /* Excel@1x.png in Resources */,
				814C144C199A08D7007F2748 /* Word@1x.png in Resources */,
				8114EF4C1991FFEF00D5E66F /* Main.storyboard in Resources */,
				814C142A1999F537007F2748 /* box_filled.png in Resources */,
				814C142B1999F537007F2748 /* box_filled@2x.png in Resources */,
				814C1448199A08D7007F2748 /* Others@1x.png in Resources */,
				814C142F199A052E007F2748 /* box_empty.png in Resources */,
				814C144D199A08D7007F2748 /* Word@2x.png in Resources */,
				814C1447199A08D7007F2748 /* Mutimedia@2x.png in Resources */,
				814C141A1999EA9C007F2748 /* KKPasscodeLock.bundle in Resources */,
				814C144A199A08D7007F2748 /* Powerpoint@1x.png in Resources */,
				814C1449199A08D7007F2748 /* Others@2x.png in Resources */,
				8114EF4E1991FFEF00D5E66F /* Images.xcassets in Resources */,
				814C1446199A08D7007F2748 /* Mutimedia@1x.png in Resources */,
				814C144B199A08D7007F2748 /* Powerpoint@2x.png in Resources */,
			);
			runOnlyForDeploymentPostprocessing = 0;
		};
		8114EF511991FFEF00D5E66F /* Resources */ = {
			isa = PBXResourcesBuildPhase;
			buildActionMask = 2147483647;
			files = (
			);
			runOnlyForDeploymentPostprocessing = 0;
		};
/* End PBXResourcesBuildPhase section */

/* Begin PBXSourcesBuildPhase section */
		8114EF391991FFEF00D5E66F /* Sources */ = {
			isa = PBXSourcesBuildPhase;
			buildActionMask = 2147483647;
			files = (
				8128787E19946B0A007C6B39 /* ContactDataBase.m in Sources */,
				8128788119946BC7007C6B39 /* ContactTableViewCell.m in Sources */,
				814C141E1999EA9C007F2748 /* KKPasscodeViewController.m in Sources */,
				814C14101999EA90007F2748 /* NYOBetterZoomViewController.m in Sources */,
				81AD87851992305A00040C7B /* ColorFromHex.m in Sources */,
				814C13F319987295007F2748 /* AboutTableViewController.m in Sources */,
				81AD87981993263300040C7B /* FileDecryptionTableViewController.m in Sources */,
				814C1439199A05B3007F2748 /* USAVLockTimeController.m in Sources */,
				8114EF461991FFEF00D5E66F /* AppDelegate.m in Sources */,
				81B1BC181994A5CE00E01E76 /* AddFriendTableViewController.m in Sources */,
				814C14221999EB8E007F2748 /* USAVLock.m in Sources */,
				814C14071999DF85007F2748 /* FileDetailEncryptedViewController.m in Sources */,
				8128787B19946A9A007C6B39 /* ContactGroupTableViewController.m in Sources */,
				81B1BC151994A5BA00E01E76 /* AddFirendTableViewCell.m in Sources */,
				8128787819946A82007C6B39 /* ContactTableViewController.m in Sources */,
				814C13FD19988A6C007F2748 /* FileDetailViewController.m in Sources */,
				814C141C1999EA9C007F2748 /* KKKeychain.m in Sources */,
				814C140F1999EA90007F2748 /* NYOBetterZoomUIScrollView.m in Sources */,
				81AD878D199233D600040C7B /* InitiateWithData.m in Sources */,
				81B1BC0F199496BE00E01E76 /* AddFileTableViewController.m in Sources */,
				814C141D1999EA9C007F2748 /* KKPasscodeLock.m in Sources */,
				814C13F71998732C007F2748 /* LogsTableViewController.m in Sources */,
				814C13ED19986DF0007F2748 /* PasswordViewController.m in Sources */,
				81AD8788199232CD00040C7B /* FileTableViewController.m in Sources */,
				8114EF431991FFEF00D5E66F /* main.m in Sources */,
				81AD87931992348900040C7B /* FileTableViewCell.m in Sources */,
				814C141B1999EA9C007F2748 /* KKPasscodeSettingsViewController.m in Sources */,
				8128788519947579007C6B39 /* PopUpMenu.m in Sources */,
				81B1BC1219949A8600E01E76 /* AddFileTableViewCell.m in Sources */,
				81AD878E199233D600040C7B /* FileDataBase.m in Sources */,
				81AD878219922CD700040C7B /* SettingTableViewController.m in Sources */,
			);
			runOnlyForDeploymentPostprocessing = 0;
		};
		8114EF4F1991FFEF00D5E66F /* Sources */ = {
			isa = PBXSourcesBuildPhase;
			buildActionMask = 2147483647;
			files = (
				8114EF5A1991FFEF00D5E66F /* uSav_newUITests.m in Sources */,
			);
			runOnlyForDeploymentPostprocessing = 0;
		};
/* End PBXSourcesBuildPhase section */

/* Begin PBXTargetDependency section */
		8114EF551991FFEF00D5E66F /* PBXTargetDependency */ = {
			isa = PBXTargetDependency;
			target = 8114EF3C1991FFEF00D5E66F /* uSav-newUI */;
			targetProxy = 8114EF541991FFEF00D5E66F /* PBXContainerItemProxy */;
		};
/* End PBXTargetDependency section */

/* Begin PBXVariantGroup section */
		8114EF4A1991FFEF00D5E66F /* Main.storyboard */ = {
			isa = PBXVariantGroup;
			children = (
				8114EF4B1991FFEF00D5E66F /* Base */,
			);
			name = Main.storyboard;
			sourceTree = "<group>";
		};
/* End PBXVariantGroup section */

/* Begin XCBuildConfiguration section */
		8114EF5B1991FFEF00D5E66F /* Debug */ = {
			isa = XCBuildConfiguration;
			buildSettings = {
				ALWAYS_SEARCH_USER_PATHS = NO;
				CLANG_CXX_LANGUAGE_STANDARD = "gnu++0x";
				CLANG_CXX_LIBRARY = "libc++";
				CLANG_ENABLE_MODULES = YES;
				CLANG_ENABLE_OBJC_ARC = YES;
				CLANG_WARN_BOOL_CONVERSION = YES;
				CLANG_WARN_CONSTANT_CONVERSION = YES;
				CLANG_WARN_DIRECT_OBJC_ISA_USAGE = YES_ERROR;
				CLANG_WARN_EMPTY_BODY = YES;
				CLANG_WARN_ENUM_CONVERSION = YES;
				CLANG_WARN_INT_CONVERSION = YES;
				CLANG_WARN_OBJC_ROOT_CLASS = YES_ERROR;
				CLANG_WARN_UNREACHABLE_CODE = YES;
				CLANG_WARN__DUPLICATE_METHOD_MATCH = YES;
				"CODE_SIGN_IDENTITY[sdk=iphoneos*]" = "iPhone Developer";
				COPY_PHASE_STRIP = NO;
				ENABLE_STRICT_OBJC_MSGSEND = YES;
				GCC_C_LANGUAGE_STANDARD = gnu99;
				GCC_DYNAMIC_NO_PIC = NO;
				GCC_OPTIMIZATION_LEVEL = 0;
				GCC_PREPROCESSOR_DEFINITIONS = (
					"DEBUG=1",
					"$(inherited)",
				);
				GCC_SYMBOLS_PRIVATE_EXTERN = NO;
				GCC_WARN_64_TO_32_BIT_CONVERSION = YES;
				GCC_WARN_ABOUT_RETURN_TYPE = YES_ERROR;
				GCC_WARN_UNDECLARED_SELECTOR = YES;
				GCC_WARN_UNINITIALIZED_AUTOS = YES_AGGRESSIVE;
				GCC_WARN_UNUSED_FUNCTION = YES;
				GCC_WARN_UNUSED_VARIABLE = YES;
				IPHONEOS_DEPLOYMENT_TARGET = 8.0;
				MTL_ENABLE_DEBUG_INFO = YES;
				ONLY_ACTIVE_ARCH = YES;
				SDKROOT = iphoneos;
			};
			name = Debug;
		};
		8114EF5C1991FFEF00D5E66F /* Release */ = {
			isa = XCBuildConfiguration;
			buildSettings = {
				ALWAYS_SEARCH_USER_PATHS = NO;
				CLANG_CXX_LANGUAGE_STANDARD = "gnu++0x";
				CLANG_CXX_LIBRARY = "libc++";
				CLANG_ENABLE_MODULES = YES;
				CLANG_ENABLE_OBJC_ARC = YES;
				CLANG_WARN_BOOL_CONVERSION = YES;
				CLANG_WARN_CONSTANT_CONVERSION = YES;
				CLANG_WARN_DIRECT_OBJC_ISA_USAGE = YES_ERROR;
				CLANG_WARN_EMPTY_BODY = YES;
				CLANG_WARN_ENUM_CONVERSION = YES;
				CLANG_WARN_INT_CONVERSION = YES;
				CLANG_WARN_OBJC_ROOT_CLASS = YES_ERROR;
				CLANG_WARN_UNREACHABLE_CODE = YES;
				CLANG_WARN__DUPLICATE_METHOD_MATCH = YES;
				"CODE_SIGN_IDENTITY[sdk=iphoneos*]" = "iPhone Developer";
				COPY_PHASE_STRIP = YES;
				ENABLE_NS_ASSERTIONS = NO;
				ENABLE_STRICT_OBJC_MSGSEND = YES;
				GCC_C_LANGUAGE_STANDARD = gnu99;
				GCC_WARN_64_TO_32_BIT_CONVERSION = YES;
				GCC_WARN_ABOUT_RETURN_TYPE = YES_ERROR;
				GCC_WARN_UNDECLARED_SELECTOR = YES;
				GCC_WARN_UNINITIALIZED_AUTOS = YES_AGGRESSIVE;
				GCC_WARN_UNUSED_FUNCTION = YES;
				GCC_WARN_UNUSED_VARIABLE = YES;
				IPHONEOS_DEPLOYMENT_TARGET = 8.0;
				MTL_ENABLE_DEBUG_INFO = NO;
				SDKROOT = iphoneos;
				VALIDATE_PRODUCT = YES;
			};
			name = Release;
		};
		8114EF5E1991FFEF00D5E66F /* Debug */ = {
			isa = XCBuildConfiguration;
			buildSettings = {
				ASSETCATALOG_COMPILER_APPICON_NAME = AppIcon;
				ASSETCATALOG_COMPILER_LAUNCHIMAGE_NAME = LaunchImage;
				CODE_SIGN_IDENTITY = "iPhone Developer";
				INFOPLIST_FILE = "uSav-newUI/Info.plist";
				IPHONEOS_DEPLOYMENT_TARGET = 7.0;
				LD_RUNPATH_SEARCH_PATHS = "$(inherited) @executable_path/Frameworks";
				PRODUCT_NAME = "$(TARGET_NAME)";
			};
			name = Debug;
		};
		8114EF5F1991FFEF00D5E66F /* Release */ = {
			isa = XCBuildConfiguration;
			buildSettings = {
				ASSETCATALOG_COMPILER_APPICON_NAME = AppIcon;
				ASSETCATALOG_COMPILER_LAUNCHIMAGE_NAME = LaunchImage;
				CODE_SIGN_IDENTITY = "iPhone Developer";
				INFOPLIST_FILE = "uSav-newUI/Info.plist";
				IPHONEOS_DEPLOYMENT_TARGET = 7.0;
				LD_RUNPATH_SEARCH_PATHS = "$(inherited) @executable_path/Frameworks";
				PRODUCT_NAME = "$(TARGET_NAME)";
			};
			name = Release;
		};
		8114EF611991FFEF00D5E66F /* Debug */ = {
			isa = XCBuildConfiguration;
			buildSettings = {
				BUNDLE_LOADER = "$(BUILT_PRODUCTS_DIR)/uSav-newUI.app/uSav-newUI";
				FRAMEWORK_SEARCH_PATHS = (
					"$(SDKROOT)/Developer/Library/Frameworks",
					"$(inherited)",
				);
				GCC_PREPROCESSOR_DEFINITIONS = (
					"DEBUG=1",
					"$(inherited)",
				);
				INFOPLIST_FILE = "uSav-newUITests/Info.plist";
				LD_RUNPATH_SEARCH_PATHS = "$(inherited) @executable_path/Frameworks @loader_path/Frameworks";
				PRODUCT_NAME = "$(TARGET_NAME)";
				TEST_HOST = "$(BUNDLE_LOADER)";
			};
			name = Debug;
		};
		8114EF621991FFEF00D5E66F /* Release */ = {
			isa = XCBuildConfiguration;
			buildSettings = {
				BUNDLE_LOADER = "$(BUILT_PRODUCTS_DIR)/uSav-newUI.app/uSav-newUI";
				FRAMEWORK_SEARCH_PATHS = (
					"$(SDKROOT)/Developer/Library/Frameworks",
					"$(inherited)",
				);
				INFOPLIST_FILE = "uSav-newUITests/Info.plist";
				LD_RUNPATH_SEARCH_PATHS = "$(inherited) @executable_path/Frameworks @loader_path/Frameworks";
				PRODUCT_NAME = "$(TARGET_NAME)";
				TEST_HOST = "$(BUNDLE_LOADER)";
			};
			name = Release;
		};
/* End XCBuildConfiguration section */

/* Begin XCConfigurationList section */
		8114EF381991FFEF00D5E66F /* Build configuration list for PBXProject "uSav-newUI" */ = {
			isa = XCConfigurationList;
			buildConfigurations = (
				8114EF5B1991FFEF00D5E66F /* Debug */,
				8114EF5C1991FFEF00D5E66F /* Release */,
			);
			defaultConfigurationIsVisible = 0;
			defaultConfigurationName = Release;
		};
		8114EF5D1991FFEF00D5E66F /* Build configuration list for PBXNativeTarget "uSav-newUI" */ = {
			isa = XCConfigurationList;
			buildConfigurations = (
				8114EF5E1991FFEF00D5E66F /* Debug */,
				8114EF5F1991FFEF00D5E66F /* Release */,
			);
			defaultConfigurationIsVisible = 0;
			defaultConfigurationName = Release;
		};
		8114EF601991FFEF00D5E66F /* Build configuration list for PBXNativeTarget "uSav-newUITests" */ = {
			isa = XCConfigurationList;
			buildConfigurations = (
				8114EF611991FFEF00D5E66F /* Debug */,
				8114EF621991FFEF00D5E66F /* Release */,
			);
			defaultConfigurationIsVisible = 0;
			defaultConfigurationName = Release;
		};
/* End XCConfigurationList section */
	};
	rootObject = 8114EF351991FFEF00D5E66F /* Project object */;
}
