// !$*UTF8*$!
{
	archiveVersion = 1;
	classes = {
	};
	objectVersion = 46;
	objects = {

/* Begin PBXBuildFile section */
		810133BA1985E3B6000094C5 /* main.m in Sources */ = {isa = PBXBuildFile; fileRef = 810133B91985E3B6000094C5 /* main.m */; };
		810133BD1985E3B6000094C5 /* AppDelegate.m in Sources */ = {isa = PBXBuildFile; fileRef = 810133BC1985E3B6000094C5 /* AppDelegate.m */; };
		810133C01985E3B6000094C5 /* EncryptViewController.m in Sources */ = {isa = PBXBuildFile; fileRef = 810133BF1985E3B6000094C5 /* EncryptViewController.m */; };
		810133C31985E3B6000094C5 /* DecryptViewController.m in Sources */ = {isa = PBXBuildFile; fileRef = 810133C21985E3B6000094C5 /* DecryptViewController.m */; };
		810133C61985E3B6000094C5 /* Main.storyboard in Resources */ = {isa = PBXBuildFile; fileRef = 810133C41985E3B6000094C5 /* Main.storyboard */; };
		810133C81985E3B6000094C5 /* Images.xcassets in Resources */ = {isa = PBXBuildFile; fileRef = 810133C71985E3B6000094C5 /* Images.xcassets */; };
		810133D41985E3B7000094C5 /* uSav3Tests.m in Sources */ = {isa = PBXBuildFile; fileRef = 810133D31985E3B7000094C5 /* uSav3Tests.m */; };
		8127A7DC198612F5002F2A97 /* TabBarViewController.m in Sources */ = {isa = PBXBuildFile; fileRef = 8127A7DB198612F5002F2A97 /* TabBarViewController.m */; };
		8127A7DF198613ED002F2A97 /* TabBarView.m in Sources */ = {isa = PBXBuildFile; fileRef = 8127A7DE198613ED002F2A97 /* TabBarView.m */; };
/* End PBXBuildFile section */

/* Begin PBXContainerItemProxy section */
		810133CE1985E3B7000094C5 /* PBXContainerItemProxy */ = {
			isa = PBXContainerItemProxy;
			containerPortal = 810133AC1985E3B6000094C5 /* Project object */;
			proxyType = 1;
			remoteGlobalIDString = 810133B31985E3B6000094C5;
			remoteInfo = uSav3;
		};
/* End PBXContainerItemProxy section */

/* Begin PBXFileReference section */
		810133B41985E3B6000094C5 /* QZONEtabbar-no storyboard.app */ = {isa = PBXFileReference; explicitFileType = wrapper.application; includeInIndex = 0; path = "QZONEtabbar-no storyboard.app"; sourceTree = BUILT_PRODUCTS_DIR; };
		810133B81985E3B6000094C5 /* Info.plist */ = {isa = PBXFileReference; lastKnownFileType = text.plist.xml; path = Info.plist; sourceTree = "<group>"; };
		810133B91985E3B6000094C5 /* main.m */ = {isa = PBXFileReference; lastKnownFileType = sourcecode.c.objc; path = main.m; sourceTree = "<group>"; };
		810133BB1985E3B6000094C5 /* AppDelegate.h */ = {isa = PBXFileReference; lastKnownFileType = sourcecode.c.h; path = AppDelegate.h; sourceTree = "<group>"; };
		810133BC1985E3B6000094C5 /* AppDelegate.m */ = {isa = PBXFileReference; lastKnownFileType = sourcecode.c.objc; path = AppDelegate.m; sourceTree = "<group>"; };
		810133BE1985E3B6000094C5 /* EncryptViewController.h */ = {isa = PBXFileReference; lastKnownFileType = sourcecode.c.h; path = EncryptViewController.h; sourceTree = "<group>"; };
		810133BF1985E3B6000094C5 /* EncryptViewController.m */ = {isa = PBXFileReference; lastKnownFileType = sourcecode.c.objc; path = EncryptViewController.m; sourceTree = "<group>"; };
		810133C11985E3B6000094C5 /* DecryptViewController.h */ = {isa = PBXFileReference; lastKnownFileType = sourcecode.c.h; path = DecryptViewController.h; sourceTree = "<group>"; };
		810133C21985E3B6000094C5 /* DecryptViewController.m */ = {isa = PBXFileReference; lastKnownFileType = sourcecode.c.objc; path = DecryptViewController.m; sourceTree = "<group>"; };
		810133C51985E3B6000094C5 /* Base */ = {isa = PBXFileReference; lastKnownFileType = file.storyboard; name = Base; path = Base.lproj/Main.storyboard; sourceTree = "<group>"; };
		810133C71985E3B6000094C5 /* Images.xcassets */ = {isa = PBXFileReference; lastKnownFileType = folder.assetcatalog; path = Images.xcassets; sourceTree = "<group>"; };
		810133CD1985E3B7000094C5 /* QZONEtabbar-no storyboardTests.xctest */ = {isa = PBXFileReference; explicitFileType = wrapper.cfbundle; includeInIndex = 0; path = "QZONEtabbar-no storyboardTests.xctest"; sourceTree = BUILT_PRODUCTS_DIR; };
		810133D21985E3B7000094C5 /* Info.plist */ = {isa = PBXFileReference; lastKnownFileType = text.plist.xml; path = Info.plist; sourceTree = "<group>"; };
		810133D31985E3B7000094C5 /* uSav3Tests.m */ = {isa = PBXFileReference; lastKnownFileType = sourcecode.c.objc; path = uSav3Tests.m; sourceTree = "<group>"; };
		8127A7DA198612F5002F2A97 /* TabBarViewController.h */ = {isa = PBXFileReference; fileEncoding = 4; lastKnownFileType = sourcecode.c.h; path = TabBarViewController.h; sourceTree = "<group>"; };
		8127A7DB198612F5002F2A97 /* TabBarViewController.m */ = {isa = PBXFileReference; fileEncoding = 4; lastKnownFileType = sourcecode.c.objc; path = TabBarViewController.m; sourceTree = "<group>"; };
		8127A7DD198613ED002F2A97 /* TabBarView.h */ = {isa = PBXFileReference; fileEncoding = 4; lastKnownFileType = sourcecode.c.h; path = TabBarView.h; sourceTree = "<group>"; };
		8127A7DE198613ED002F2A97 /* TabBarView.m */ = {isa = PBXFileReference; fileEncoding = 4; lastKnownFileType = sourcecode.c.objc; path = TabBarView.m; sourceTree = "<group>"; };
/* End PBXFileReference section */

/* Begin PBXFrameworksBuildPhase section */
		810133B11985E3B6000094C5 /* Frameworks */ = {
			isa = PBXFrameworksBuildPhase;
			buildActionMask = 2147483647;
			files = (
			);
			runOnlyForDeploymentPostprocessing = 0;
		};
		810133CA1985E3B7000094C5 /* Frameworks */ = {
			isa = PBXFrameworksBuildPhase;
			buildActionMask = 2147483647;
			files = (
			);
			runOnlyForDeploymentPostprocessing = 0;
		};
/* End PBXFrameworksBuildPhase section */

/* Begin PBXGroup section */
		810133AB1985E3B6000094C5 = {
			isa = PBXGroup;
			children = (
				810133B61985E3B6000094C5 /* tabbar实现 */,
				810133D01985E3B7000094C5 /* uSav3Tests */,
				810133B51985E3B6000094C5 /* Products */,
			);
			sourceTree = "<group>";
		};
		810133B51985E3B6000094C5 /* Products */ = {
			isa = PBXGroup;
			children = (
				810133B41985E3B6000094C5 /* QZONEtabbar-no storyboard.app */,
				810133CD1985E3B7000094C5 /* QZONEtabbar-no storyboardTests.xctest */,
			);
			name = Products;
			sourceTree = "<group>";
		};
		810133B61985E3B6000094C5 /* tabbar实现 */ = {
			isa = PBXGroup;
			children = (
				810133BB1985E3B6000094C5 /* AppDelegate.h */,
				810133BC1985E3B6000094C5 /* AppDelegate.m */,
				810133BE1985E3B6000094C5 /* EncryptViewController.h */,
				810133BF1985E3B6000094C5 /* EncryptViewController.m */,
				810133C11985E3B6000094C5 /* DecryptViewController.h */,
				810133C21985E3B6000094C5 /* DecryptViewController.m */,
				810133C41985E3B6000094C5 /* Main.storyboard */,
				810133C71985E3B6000094C5 /* Images.xcassets */,
				810133B71985E3B6000094C5 /* Supporting Files */,
				8127A7DA198612F5002F2A97 /* TabBarViewController.h */,
				8127A7DB198612F5002F2A97 /* TabBarViewController.m */,
				8127A7DD198613ED002F2A97 /* TabBarView.h */,
				8127A7DE198613ED002F2A97 /* TabBarView.m */,
			);
			name = "tabbar实现";
			path = uSav3;
			sourceTree = "<group>";
		};
		810133B71985E3B6000094C5 /* Supporting Files */ = {
			isa = PBXGroup;
			children = (
				810133B81985E3B6000094C5 /* Info.plist */,
				810133B91985E3B6000094C5 /* main.m */,
			);
			name = "Supporting Files";
			sourceTree = "<group>";
		};
		810133D01985E3B7000094C5 /* uSav3Tests */ = {
			isa = PBXGroup;
			children = (
				810133D31985E3B7000094C5 /* uSav3Tests.m */,
				810133D11985E3B7000094C5 /* Supporting Files */,
			);
			path = uSav3Tests;
			sourceTree = "<group>";
		};
		810133D11985E3B7000094C5 /* Supporting Files */ = {
			isa = PBXGroup;
			children = (
				810133D21985E3B7000094C5 /* Info.plist */,
			);
			name = "Supporting Files";
			sourceTree = "<group>";
		};
/* End PBXGroup section */

/* Begin PBXNativeTarget section */
		810133B31985E3B6000094C5 /* QZONEtabbar-no storyboard */ = {
			isa = PBXNativeTarget;
			buildConfigurationList = 810133D71985E3B7000094C5 /* Build configuration list for PBXNativeTarget "QZONEtabbar-no storyboard" */;
			buildPhases = (
				810133B01985E3B6000094C5 /* Sources */,
				810133B11985E3B6000094C5 /* Frameworks */,
				810133B21985E3B6000094C5 /* Resources */,
			);
			buildRules = (
			);
			dependencies = (
			);
			name = "QZONEtabbar-no storyboard";
			productName = uSav3;
			productReference = 810133B41985E3B6000094C5 /* QZONEtabbar-no storyboard.app */;
			productType = "com.apple.product-type.application";
		};
		810133CC1985E3B7000094C5 /* QZONEtabbar-no storyboardTests */ = {
			isa = PBXNativeTarget;
			buildConfigurationList = 810133DA1985E3B7000094C5 /* Build configuration list for PBXNativeTarget "QZONEtabbar-no storyboardTests" */;
			buildPhases = (
				810133C91985E3B7000094C5 /* Sources */,
				810133CA1985E3B7000094C5 /* Frameworks */,
				810133CB1985E3B7000094C5 /* Resources */,
			);
			buildRules = (
			);
			dependencies = (
				810133CF1985E3B7000094C5 /* PBXTargetDependency */,
			);
			name = "QZONEtabbar-no storyboardTests";
			productName = uSav3Tests;
			productReference = 810133CD1985E3B7000094C5 /* QZONEtabbar-no storyboardTests.xctest */;
			productType = "com.apple.product-type.bundle.unit-test";
		};
/* End PBXNativeTarget section */

/* Begin PBXProject section */
		810133AC1985E3B6000094C5 /* Project object */ = {
			isa = PBXProject;
			attributes = {
				LastUpgradeCheck = 0600;
				ORGANIZATIONNAME = nwstor;
				TargetAttributes = {
					810133B31985E3B6000094C5 = {
						CreatedOnToolsVersion = 6.0;
					};
					810133CC1985E3B7000094C5 = {
						CreatedOnToolsVersion = 6.0;
						TestTargetID = 810133B31985E3B6000094C5;
					};
				};
			};
			buildConfigurationList = 810133AF1985E3B6000094C5 /* Build configuration list for PBXProject "QZONEtabbar-no storyboard" */;
			compatibilityVersion = "Xcode 3.2";
			developmentRegion = English;
			hasScannedForEncodings = 0;
			knownRegions = (
				en,
				Base,
			);
			mainGroup = 810133AB1985E3B6000094C5;
			productRefGroup = 810133B51985E3B6000094C5 /* Products */;
			projectDirPath = "";
			projectRoot = "";
			targets = (
				810133B31985E3B6000094C5 /* QZONEtabbar-no storyboard */,
				810133CC1985E3B7000094C5 /* QZONEtabbar-no storyboardTests */,
			);
		};
/* End PBXProject section */

/* Begin PBXResourcesBuildPhase section */
		810133B21985E3B6000094C5 /* Resources */ = {
			isa = PBXResourcesBuildPhase;
			buildActionMask = 2147483647;
			files = (
				810133C61985E3B6000094C5 /* Main.storyboard in Resources */,
				810133C81985E3B6000094C5 /* Images.xcassets in Resources */,
			);
			runOnlyForDeploymentPostprocessing = 0;
		};
		810133CB1985E3B7000094C5 /* Resources */ = {
			isa = PBXResourcesBuildPhase;
			buildActionMask = 2147483647;
			files = (
			);
			runOnlyForDeploymentPostprocessing = 0;
		};
/* End PBXResourcesBuildPhase section */

/* Begin PBXSourcesBuildPhase section */
		810133B01985E3B6000094C5 /* Sources */ = {
			isa = PBXSourcesBuildPhase;
			buildActionMask = 2147483647;
			files = (
				8127A7DF198613ED002F2A97 /* TabBarView.m in Sources */,
				8127A7DC198612F5002F2A97 /* TabBarViewController.m in Sources */,
				810133C31985E3B6000094C5 /* DecryptViewController.m in Sources */,
				810133BD1985E3B6000094C5 /* AppDelegate.m in Sources */,
				810133C01985E3B6000094C5 /* EncryptViewController.m in Sources */,
				810133BA1985E3B6000094C5 /* main.m in Sources */,
			);
			runOnlyForDeploymentPostprocessing = 0;
		};
		810133C91985E3B7000094C5 /* Sources */ = {
			isa = PBXSourcesBuildPhase;
			buildActionMask = 2147483647;
			files = (
				810133D41985E3B7000094C5 /* uSav3Tests.m in Sources */,
			);
			runOnlyForDeploymentPostprocessing = 0;
		};
/* End PBXSourcesBuildPhase section */

/* Begin PBXTargetDependency section */
		810133CF1985E3B7000094C5 /* PBXTargetDependency */ = {
			isa = PBXTargetDependency;
			target = 810133B31985E3B6000094C5 /* QZONEtabbar-no storyboard */;
			targetProxy = 810133CE1985E3B7000094C5 /* PBXContainerItemProxy */;
		};
/* End PBXTargetDependency section */

/* Begin PBXVariantGroup section */
		810133C41985E3B6000094C5 /* Main.storyboard */ = {
			isa = PBXVariantGroup;
			children = (
				810133C51985E3B6000094C5 /* Base */,
			);
			name = Main.storyboard;
			sourceTree = "<group>";
		};
/* End PBXVariantGroup section */

/* Begin XCBuildConfiguration section */
		810133D51985E3B7000094C5 /* Debug */ = {
			isa = XCBuildConfiguration;
			buildSettings = {
				ALWAYS_SEARCH_USER_PATHS = NO;
				CLANG_CXX_LANGUAGE_STANDARD = "gnu++0x";
				CLANG_CXX_LIBRARY = "libc++";
				CLANG_ENABLE_MODULES = YES;
				CLANG_ENABLE_OBJC_ARC = YES;
				CLANG_WARN_BOOL_CONVERSION = YES;
				CLANG_WARN_CONSTANT_CONVERSION = YES;
				CLANG_WARN_DIRECT_OBJC_ISA_USAGE = YES_ERROR;
				CLANG_WARN_EMPTY_BODY = YES;
				CLANG_WARN_ENUM_CONVERSION = YES;
				CLANG_WARN_INT_CONVERSION = YES;
				CLANG_WARN_OBJC_ROOT_CLASS = YES_ERROR;
				CLANG_WARN_UNREACHABLE_CODE = YES;
				CLANG_WARN__DUPLICATE_METHOD_MATCH = YES;
				"CODE_SIGN_IDENTITY[sdk=iphoneos*]" = "iPhone Developer";
				COPY_PHASE_STRIP = NO;
				ENABLE_STRICT_OBJC_MSGSEND = YES;
				GCC_C_LANGUAGE_STANDARD = gnu99;
				GCC_DYNAMIC_NO_PIC = NO;
				GCC_OPTIMIZATION_LEVEL = 0;
				GCC_PREPROCESSOR_DEFINITIONS = (
					"DEBUG=1",
					"$(inherited)",
				);
				GCC_SYMBOLS_PRIVATE_EXTERN = NO;
				GCC_WARN_64_TO_32_BIT_CONVERSION = YES;
				GCC_WARN_ABOUT_RETURN_TYPE = YES_ERROR;
				GCC_WARN_UNDECLARED_SELECTOR = YES;
				GCC_WARN_UNINITIALIZED_AUTOS = YES_AGGRESSIVE;
				GCC_WARN_UNUSED_FUNCTION = YES;
				GCC_WARN_UNUSED_VARIABLE = YES;
				IPHONEOS_DEPLOYMENT_TARGET = 8.0;
				MTL_ENABLE_DEBUG_INFO = YES;
				ONLY_ACTIVE_ARCH = YES;
				SDKROOT = iphoneos;
			};
			name = Debug;
		};
		810133D61985E3B7000094C5 /* Release */ = {
			isa = XCBuildConfiguration;
			buildSettings = {
				ALWAYS_SEARCH_USER_PATHS = NO;
				CLANG_CXX_LANGUAGE_STANDARD = "gnu++0x";
				CLANG_CXX_LIBRARY = "libc++";
				CLANG_ENABLE_MODULES = YES;
				CLANG_ENABLE_OBJC_ARC = YES;
				CLANG_WARN_BOOL_CONVERSION = YES;
				CLANG_WARN_CONSTANT_CONVERSION = YES;
				CLANG_WARN_DIRECT_OBJC_ISA_USAGE = YES_ERROR;
				CLANG_WARN_EMPTY_BODY = YES;
				CLANG_WARN_ENUM_CONVERSION = YES;
				CLANG_WARN_INT_CONVERSION = YES;
				CLANG_WARN_OBJC_ROOT_CLASS = YES_ERROR;
				CLANG_WARN_UNREACHABLE_CODE = YES;
				CLANG_WARN__DUPLICATE_METHOD_MATCH = YES;
				"CODE_SIGN_IDENTITY[sdk=iphoneos*]" = "iPhone Developer";
				COPY_PHASE_STRIP = YES;
				ENABLE_NS_ASSERTIONS = NO;
				ENABLE_STRICT_OBJC_MSGSEND = YES;
				GCC_C_LANGUAGE_STANDARD = gnu99;
				GCC_WARN_64_TO_32_BIT_CONVERSION = YES;
				GCC_WARN_ABOUT_RETURN_TYPE = YES_ERROR;
				GCC_WARN_UNDECLARED_SELECTOR = YES;
				GCC_WARN_UNINITIALIZED_AUTOS = YES_AGGRESSIVE;
				GCC_WARN_UNUSED_FUNCTION = YES;
				GCC_WARN_UNUSED_VARIABLE = YES;
				IPHONEOS_DEPLOYMENT_TARGET = 8.0;
				MTL_ENABLE_DEBUG_INFO = NO;
				SDKROOT = iphoneos;
				VALIDATE_PRODUCT = YES;
			};
			name = Release;
		};
		810133D81985E3B7000094C5 /* Debug */ = {
			isa = XCBuildConfiguration;
			buildSettings = {
				ASSETCATALOG_COMPILER_APPICON_NAME = AppIcon;
				ASSETCATALOG_COMPILER_LAUNCHIMAGE_NAME = LaunchImage;
				INFOPLIST_FILE = uSav3/Info.plist;
				LD_RUNPATH_SEARCH_PATHS = "$(inherited) @executable_path/Frameworks";
				PRODUCT_NAME = "QZONEtabbar-no storyboard";
			};
			name = Debug;
		};
		810133D91985E3B7000094C5 /* Release */ = {
			isa = XCBuildConfiguration;
			buildSettings = {
				ASSETCATALOG_COMPILER_APPICON_NAME = AppIcon;
				ASSETCATALOG_COMPILER_LAUNCHIMAGE_NAME = LaunchImage;
				INFOPLIST_FILE = uSav3/Info.plist;
				LD_RUNPATH_SEARCH_PATHS = "$(inherited) @executable_path/Frameworks";
				PRODUCT_NAME = "QZONEtabbar-no storyboard";
			};
			name = Release;
		};
		810133DB1985E3B7000094C5 /* Debug */ = {
			isa = XCBuildConfiguration;
			buildSettings = {
				BUNDLE_LOADER = "$(BUILT_PRODUCTS_DIR)/uSav3.app/uSav3";
				FRAMEWORK_SEARCH_PATHS = (
					"$(SDKROOT)/Developer/Library/Frameworks",
					"$(inherited)",
				);
				GCC_PREPROCESSOR_DEFINITIONS = (
					"DEBUG=1",
					"$(inherited)",
				);
				INFOPLIST_FILE = uSav3Tests/Info.plist;
				LD_RUNPATH_SEARCH_PATHS = "$(inherited) @executable_path/Frameworks @loader_path/Frameworks";
				PRODUCT_NAME = "QZONEtabbar-no storyboardTests";
				TEST_HOST = "$(BUNDLE_LOADER)";
			};
			name = Debug;
		};
		810133DC1985E3B7000094C5 /* Release */ = {
			isa = XCBuildConfiguration;
			buildSettings = {
				BUNDLE_LOADER = "$(BUILT_PRODUCTS_DIR)/uSav3.app/uSav3";
				FRAMEWORK_SEARCH_PATHS = (
					"$(SDKROOT)/Developer/Library/Frameworks",
					"$(inherited)",
				);
				INFOPLIST_FILE = uSav3Tests/Info.plist;
				LD_RUNPATH_SEARCH_PATHS = "$(inherited) @executable_path/Frameworks @loader_path/Frameworks";
				PRODUCT_NAME = "QZONEtabbar-no storyboardTests";
				TEST_HOST = "$(BUNDLE_LOADER)";
			};
			name = Release;
		};
/* End XCBuildConfiguration section */

/* Begin XCConfigurationList section */
		810133AF1985E3B6000094C5 /* Build configuration list for PBXProject "QZONEtabbar-no storyboard" */ = {
			isa = XCConfigurationList;
			buildConfigurations = (
				810133D51985E3B7000094C5 /* Debug */,
				810133D61985E3B7000094C5 /* Release */,
			);
			defaultConfigurationIsVisible = 0;
			defaultConfigurationName = Release;
		};
		810133D71985E3B7000094C5 /* Build configuration list for PBXNativeTarget "QZONEtabbar-no storyboard" */ = {
			isa = XCConfigurationList;
			buildConfigurations = (
				810133D81985E3B7000094C5 /* Debug */,
				810133D91985E3B7000094C5 /* Release */,
			);
			defaultConfigurationIsVisible = 0;
			defaultConfigurationName = Release;
		};
		810133DA1985E3B7000094C5 /* Build configuration list for PBXNativeTarget "QZONEtabbar-no storyboardTests" */ = {
			isa = XCConfigurationList;
			buildConfigurations = (
				810133DB1985E3B7000094C5 /* Debug */,
				810133DC1985E3B7000094C5 /* Release */,
			);
			defaultConfigurationIsVisible = 0;
			defaultConfigurationName = Release;
		};
/* End XCConfigurationList section */
	};
	rootObject = 810133AC1985E3B6000094C5 /* Project object */;
}
