// !$*UTF8*$!
{
	archiveVersion = 1;
	classes = {
	};
	objectVersion = 46;
	objects = {

/* Begin PBXBuildFile section */
		81A3676D1A130DF700D062F3 /* main.m in Sources */ = {isa = PBXBuildFile; fileRef = 81A3676C1A130DF700D062F3 /* main.m */; };
		81A367701A130DF700D062F3 /* AppDelegate.m in Sources */ = {isa = PBXBuildFile; fileRef = 81A3676F1A130DF700D062F3 /* AppDelegate.m */; };
		81A367731A130DF700D062F3 /* ViewController.m in Sources */ = {isa = PBXBuildFile; fileRef = 81A367721A130DF700D062F3 /* ViewController.m */; };
		81A367761A130DF700D062F3 /* Main.storyboard in Resources */ = {isa = PBXBuildFile; fileRef = 81A367741A130DF700D062F3 /* Main.storyboard */; };
		81A367781A130DF700D062F3 /* Images.xcassets in Resources */ = {isa = PBXBuildFile; fileRef = 81A367771A130DF700D062F3 /* Images.xcassets */; };
		81A367871A130DF700D062F3 /* WhereToEatTests.m in Sources */ = {isa = PBXBuildFile; fileRef = 81A367861A130DF700D062F3 /* WhereToEatTests.m */; };
/* End PBXBuildFile section */

/* Begin PBXContainerItemProxy section */
		81A367811A130DF700D062F3 /* PBXContainerItemProxy */ = {
			isa = PBXContainerItemProxy;
			containerPortal = 81A3675F1A130DF700D062F3 /* Project object */;
			proxyType = 1;
			remoteGlobalIDString = 81A367661A130DF700D062F3;
			remoteInfo = WhereToEat;
		};
/* End PBXContainerItemProxy section */

/* Begin PBXFileReference section */
		81A367671A130DF700D062F3 /* WhereToEat.app */ = {isa = PBXFileReference; explicitFileType = wrapper.application; includeInIndex = 0; path = WhereToEat.app; sourceTree = BUILT_PRODUCTS_DIR; };
		81A3676B1A130DF700D062F3 /* Info.plist */ = {isa = PBXFileReference; lastKnownFileType = text.plist.xml; path = Info.plist; sourceTree = "<group>"; };
		81A3676C1A130DF700D062F3 /* main.m */ = {isa = PBXFileReference; lastKnownFileType = sourcecode.c.objc; path = main.m; sourceTree = "<group>"; };
		81A3676E1A130DF700D062F3 /* AppDelegate.h */ = {isa = PBXFileReference; lastKnownFileType = sourcecode.c.h; path = AppDelegate.h; sourceTree = "<group>"; };
		81A3676F1A130DF700D062F3 /* AppDelegate.m */ = {isa = PBXFileReference; lastKnownFileType = sourcecode.c.objc; path = AppDelegate.m; sourceTree = "<group>"; };
		81A367711A130DF700D062F3 /* ViewController.h */ = {isa = PBXFileReference; lastKnownFileType = sourcecode.c.h; path = ViewController.h; sourceTree = "<group>"; };
		81A367721A130DF700D062F3 /* ViewController.m */ = {isa = PBXFileReference; lastKnownFileType = sourcecode.c.objc; path = ViewController.m; sourceTree = "<group>"; };
		81A367751A130DF700D062F3 /* Base */ = {isa = PBXFileReference; lastKnownFileType = file.storyboard; name = Base; path = Base.lproj/Main.storyboard; sourceTree = "<group>"; };
		81A367771A130DF700D062F3 /* Images.xcassets */ = {isa = PBXFileReference; lastKnownFileType = folder.assetcatalog; path = Images.xcassets; sourceTree = "<group>"; };
		81A367801A130DF700D062F3 /* WhereToEatTests.xctest */ = {isa = PBXFileReference; explicitFileType = wrapper.cfbundle; includeInIndex = 0; path = WhereToEatTests.xctest; sourceTree = BUILT_PRODUCTS_DIR; };
		81A367851A130DF700D062F3 /* Info.plist */ = {isa = PBXFileReference; lastKnownFileType = text.plist.xml; path = Info.plist; sourceTree = "<group>"; };
		81A367861A130DF700D062F3 /* WhereToEatTests.m */ = {isa = PBXFileReference; lastKnownFileType = sourcecode.c.objc; path = WhereToEatTests.m; sourceTree = "<group>"; };
/* End PBXFileReference section */

/* Begin PBXFrameworksBuildPhase section */
		81A367641A130DF700D062F3 /* Frameworks */ = {
			isa = PBXFrameworksBuildPhase;
			buildActionMask = 2147483647;
			files = (
			);
			runOnlyForDeploymentPostprocessing = 0;
		};
		81A3677D1A130DF700D062F3 /* Frameworks */ = {
			isa = PBXFrameworksBuildPhase;
			buildActionMask = 2147483647;
			files = (
			);
			runOnlyForDeploymentPostprocessing = 0;
		};
/* End PBXFrameworksBuildPhase section */

/* Begin PBXGroup section */
		81A3675E1A130DF700D062F3 = {
			isa = PBXGroup;
			children = (
				81A367691A130DF700D062F3 /* WhereToEat */,
				81A367831A130DF700D062F3 /* WhereToEatTests */,
				81A367681A130DF700D062F3 /* Products */,
			);
			sourceTree = "<group>";
		};
		81A367681A130DF700D062F3 /* Products */ = {
			isa = PBXGroup;
			children = (
				81A367671A130DF700D062F3 /* WhereToEat.app */,
				81A367801A130DF700D062F3 /* WhereToEatTests.xctest */,
			);
			name = Products;
			sourceTree = "<group>";
		};
		81A367691A130DF700D062F3 /* WhereToEat */ = {
			isa = PBXGroup;
			children = (
				81A3676E1A130DF700D062F3 /* AppDelegate.h */,
				81A3676F1A130DF700D062F3 /* AppDelegate.m */,
				81A367711A130DF700D062F3 /* ViewController.h */,
				81A367721A130DF700D062F3 /* ViewController.m */,
				81A367741A130DF700D062F3 /* Main.storyboard */,
				81A367771A130DF700D062F3 /* Images.xcassets */,
				81A3676A1A130DF700D062F3 /* Supporting Files */,
			);
			path = WhereToEat;
			sourceTree = "<group>";
		};
		81A3676A1A130DF700D062F3 /* Supporting Files */ = {
			isa = PBXGroup;
			children = (
				81A3676B1A130DF700D062F3 /* Info.plist */,
				81A3676C1A130DF700D062F3 /* main.m */,
			);
			name = "Supporting Files";
			sourceTree = "<group>";
		};
		81A367831A130DF700D062F3 /* WhereToEatTests */ = {
			isa = PBXGroup;
			children = (
				81A367861A130DF700D062F3 /* WhereToEatTests.m */,
				81A367841A130DF700D062F3 /* Supporting Files */,
			);
			path = WhereToEatTests;
			sourceTree = "<group>";
		};
		81A367841A130DF700D062F3 /* Supporting Files */ = {
			isa = PBXGroup;
			children = (
				81A367851A130DF700D062F3 /* Info.plist */,
			);
			name = "Supporting Files";
			sourceTree = "<group>";
		};
/* End PBXGroup section */

/* Begin PBXNativeTarget section */
		81A367661A130DF700D062F3 /* WhereToEat */ = {
			isa = PBXNativeTarget;
			buildConfigurationList = 81A3678A1A130DF700D062F3 /* Build configuration list for PBXNativeTarget "WhereToEat" */;
			buildPhases = (
				81A367631A130DF700D062F3 /* Sources */,
				81A367641A130DF700D062F3 /* Frameworks */,
				81A367651A130DF700D062F3 /* Resources */,
			);
			buildRules = (
			);
			dependencies = (
			);
			name = WhereToEat;
			productName = WhereToEat;
			productReference = 81A367671A130DF700D062F3 /* WhereToEat.app */;
			productType = "com.apple.product-type.application";
		};
		81A3677F1A130DF700D062F3 /* WhereToEatTests */ = {
			isa = PBXNativeTarget;
			buildConfigurationList = 81A3678D1A130DF700D062F3 /* Build configuration list for PBXNativeTarget "WhereToEatTests" */;
			buildPhases = (
				81A3677C1A130DF700D062F3 /* Sources */,
				81A3677D1A130DF700D062F3 /* Frameworks */,
				81A3677E1A130DF700D062F3 /* Resources */,
			);
			buildRules = (
			);
			dependencies = (
				81A367821A130DF700D062F3 /* PBXTargetDependency */,
			);
			name = WhereToEatTests;
			productName = WhereToEatTests;
			productReference = 81A367801A130DF700D062F3 /* WhereToEatTests.xctest */;
			productType = "com.apple.product-type.bundle.unit-test";
		};
/* End PBXNativeTarget section */

/* Begin PBXProject section */
		81A3675F1A130DF700D062F3 /* Project object */ = {
			isa = PBXProject;
			attributes = {
				LastUpgradeCheck = 0610;
				ORGANIZATIONNAME = NO;
				TargetAttributes = {
					81A367661A130DF700D062F3 = {
						CreatedOnToolsVersion = 6.1;
					};
					81A3677F1A130DF700D062F3 = {
						CreatedOnToolsVersion = 6.1;
						TestTargetID = 81A367661A130DF700D062F3;
					};
				};
			};
			buildConfigurationList = 81A367621A130DF700D062F3 /* Build configuration list for PBXProject "WhereToEat" */;
			compatibilityVersion = "Xcode 3.2";
			developmentRegion = English;
			hasScannedForEncodings = 0;
			knownRegions = (
				en,
				Base,
			);
			mainGroup = 81A3675E1A130DF700D062F3;
			productRefGroup = 81A367681A130DF700D062F3 /* Products */;
			projectDirPath = "";
			projectRoot = "";
			targets = (
				81A367661A130DF700D062F3 /* WhereToEat */,
				81A3677F1A130DF700D062F3 /* WhereToEatTests */,
			);
		};
/* End PBXProject section */

/* Begin PBXResourcesBuildPhase section */
		81A367651A130DF700D062F3 /* Resources */ = {
			isa = PBXResourcesBuildPhase;
			buildActionMask = 2147483647;
			files = (
				81A367761A130DF700D062F3 /* Main.storyboard in Resources */,
				81A367781A130DF700D062F3 /* Images.xcassets in Resources */,
			);
			runOnlyForDeploymentPostprocessing = 0;
		};
		81A3677E1A130DF700D062F3 /* Resources */ = {
			isa = PBXResourcesBuildPhase;
			buildActionMask = 2147483647;
			files = (
			);
			runOnlyForDeploymentPostprocessing = 0;
		};
/* End PBXResourcesBuildPhase section */

/* Begin PBXSourcesBuildPhase section */
		81A367631A130DF700D062F3 /* Sources */ = {
			isa = PBXSourcesBuildPhase;
			buildActionMask = 2147483647;
			files = (
				81A367731A130DF700D062F3 /* ViewController.m in Sources */,
				81A367701A130DF700D062F3 /* AppDelegate.m in Sources */,
				81A3676D1A130DF700D062F3 /* main.m in Sources */,
			);
			runOnlyForDeploymentPostprocessing = 0;
		};
		81A3677C1A130DF700D062F3 /* Sources */ = {
			isa = PBXSourcesBuildPhase;
			buildActionMask = 2147483647;
			files = (
				81A367871A130DF700D062F3 /* WhereToEatTests.m in Sources */,
			);
			runOnlyForDeploymentPostprocessing = 0;
		};
/* End PBXSourcesBuildPhase section */

/* Begin PBXTargetDependency section */
		81A367821A130DF700D062F3 /* PBXTargetDependency */ = {
			isa = PBXTargetDependency;
			target = 81A367661A130DF700D062F3 /* WhereToEat */;
			targetProxy = 81A367811A130DF700D062F3 /* PBXContainerItemProxy */;
		};
/* End PBXTargetDependency section */

/* Begin PBXVariantGroup section */
		81A367741A130DF700D062F3 /* Main.storyboard */ = {
			isa = PBXVariantGroup;
			children = (
				81A367751A130DF700D062F3 /* Base */,
			);
			name = Main.storyboard;
			sourceTree = "<group>";
		};
/* End PBXVariantGroup section */

/* Begin XCBuildConfiguration section */
		81A367881A130DF700D062F3 /* Debug */ = {
			isa = XCBuildConfiguration;
			buildSettings = {
				ALWAYS_SEARCH_USER_PATHS = NO;
				CLANG_CXX_LANGUAGE_STANDARD = "gnu++0x";
				CLANG_CXX_LIBRARY = "libc++";
				CLANG_ENABLE_MODULES = YES;
				CLANG_ENABLE_OBJC_ARC = YES;
				CLANG_WARN_BOOL_CONVERSION = YES;
				CLANG_WARN_CONSTANT_CONVERSION = YES;
				CLANG_WARN_DIRECT_OBJC_ISA_USAGE = YES_ERROR;
				CLANG_WARN_EMPTY_BODY = YES;
				CLANG_WARN_ENUM_CONVERSION = YES;
				CLANG_WARN_INT_CONVERSION = YES;
				CLANG_WARN_OBJC_ROOT_CLASS = YES_ERROR;
				CLANG_WARN_UNREACHABLE_CODE = YES;
				CLANG_WARN__DUPLICATE_METHOD_MATCH = YES;
				"CODE_SIGN_IDENTITY[sdk=iphoneos*]" = "iPhone Developer";
				COPY_PHASE_STRIP = NO;
				ENABLE_STRICT_OBJC_MSGSEND = YES;
				GCC_C_LANGUAGE_STANDARD = gnu99;
				GCC_DYNAMIC_NO_PIC = NO;
				GCC_OPTIMIZATION_LEVEL = 0;
				GCC_PREPROCESSOR_DEFINITIONS = (
					"DEBUG=1",
					"$(inherited)",
				);
				GCC_SYMBOLS_PRIVATE_EXTERN = NO;
				GCC_WARN_64_TO_32_BIT_CONVERSION = YES;
				GCC_WARN_ABOUT_RETURN_TYPE = YES_ERROR;
				GCC_WARN_UNDECLARED_SELECTOR = YES;
				GCC_WARN_UNINITIALIZED_AUTOS = YES_AGGRESSIVE;
				GCC_WARN_UNUSED_FUNCTION = YES;
				GCC_WARN_UNUSED_VARIABLE = YES;
				IPHONEOS_DEPLOYMENT_TARGET = 8.1;
				MTL_ENABLE_DEBUG_INFO = YES;
				ONLY_ACTIVE_ARCH = YES;
				SDKROOT = iphoneos;
			};
			name = Debug;
		};
		81A367891A130DF700D062F3 /* Release */ = {
			isa = XCBuildConfiguration;
			buildSettings = {
				ALWAYS_SEARCH_USER_PATHS = NO;
				CLANG_CXX_LANGUAGE_STANDARD = "gnu++0x";
				CLANG_CXX_LIBRARY = "libc++";
				CLANG_ENABLE_MODULES = YES;
				CLANG_ENABLE_OBJC_ARC = YES;
				CLANG_WARN_BOOL_CONVERSION = YES;
				CLANG_WARN_CONSTANT_CONVERSION = YES;
				CLANG_WARN_DIRECT_OBJC_ISA_USAGE = YES_ERROR;
				CLANG_WARN_EMPTY_BODY = YES;
				CLANG_WARN_ENUM_CONVERSION = YES;
				CLANG_WARN_INT_CONVERSION = YES;
				CLANG_WARN_OBJC_ROOT_CLASS = YES_ERROR;
				CLANG_WARN_UNREACHABLE_CODE = YES;
				CLANG_WARN__DUPLICATE_METHOD_MATCH = YES;
				"CODE_SIGN_IDENTITY[sdk=iphoneos*]" = "iPhone Developer";
				COPY_PHASE_STRIP = YES;
				ENABLE_NS_ASSERTIONS = NO;
				ENABLE_STRICT_OBJC_MSGSEND = YES;
				GCC_C_LANGUAGE_STANDARD = gnu99;
				GCC_WARN_64_TO_32_BIT_CONVERSION = YES;
				GCC_WARN_ABOUT_RETURN_TYPE = YES_ERROR;
				GCC_WARN_UNDECLARED_SELECTOR = YES;
				GCC_WARN_UNINITIALIZED_AUTOS = YES_AGGRESSIVE;
				GCC_WARN_UNUSED_FUNCTION = YES;
				GCC_WARN_UNUSED_VARIABLE = YES;
				IPHONEOS_DEPLOYMENT_TARGET = 8.1;
				MTL_ENABLE_DEBUG_INFO = NO;
				SDKROOT = iphoneos;
				VALIDATE_PRODUCT = YES;
			};
			name = Release;
		};
		81A3678B1A130DF700D062F3 /* Debug */ = {
			isa = XCBuildConfiguration;
			buildSettings = {
				ASSETCATALOG_COMPILER_APPICON_NAME = AppIcon;
				INFOPLIST_FILE = WhereToEat/Info.plist;
				LD_RUNPATH_SEARCH_PATHS = "$(inherited) @executable_path/Frameworks";
				PRODUCT_NAME = "$(TARGET_NAME)";
			};
			name = Debug;
		};
		81A3678C1A130DF700D062F3 /* Release */ = {
			isa = XCBuildConfiguration;
			buildSettings = {
				ASSETCATALOG_COMPILER_APPICON_NAME = AppIcon;
				INFOPLIST_FILE = WhereToEat/Info.plist;
				LD_RUNPATH_SEARCH_PATHS = "$(inherited) @executable_path/Frameworks";
				PRODUCT_NAME = "$(TARGET_NAME)";
			};
			name = Release;
		};
		81A3678E1A130DF700D062F3 /* Debug */ = {
			isa = XCBuildConfiguration;
			buildSettings = {
				BUNDLE_LOADER = "$(TEST_HOST)";
				FRAMEWORK_SEARCH_PATHS = (
					"$(SDKROOT)/Developer/Library/Frameworks",
					"$(inherited)",
				);
				GCC_PREPROCESSOR_DEFINITIONS = (
					"DEBUG=1",
					"$(inherited)",
				);
				INFOPLIST_FILE = WhereToEatTests/Info.plist;
				LD_RUNPATH_SEARCH_PATHS = "$(inherited) @executable_path/Frameworks @loader_path/Frameworks";
				PRODUCT_NAME = "$(TARGET_NAME)";
				TEST_HOST = "$(BUILT_PRODUCTS_DIR)/WhereToEat.app/WhereToEat";
			};
			name = Debug;
		};
		81A3678F1A130DF700D062F3 /* Release */ = {
			isa = XCBuildConfiguration;
			buildSettings = {
				BUNDLE_LOADER = "$(TEST_HOST)";
				FRAMEWORK_SEARCH_PATHS = (
					"$(SDKROOT)/Developer/Library/Frameworks",
					"$(inherited)",
				);
				INFOPLIST_FILE = WhereToEatTests/Info.plist;
				LD_RUNPATH_SEARCH_PATHS = "$(inherited) @executable_path/Frameworks @loader_path/Frameworks";
				PRODUCT_NAME = "$(TARGET_NAME)";
				TEST_HOST = "$(BUILT_PRODUCTS_DIR)/WhereToEat.app/WhereToEat";
			};
			name = Release;
		};
/* End XCBuildConfiguration section */

/* Begin XCConfigurationList section */
		81A367621A130DF700D062F3 /* Build configuration list for PBXProject "WhereToEat" */ = {
			isa = XCConfigurationList;
			buildConfigurations = (
				81A367881A130DF700D062F3 /* Debug */,
				81A367891A130DF700D062F3 /* Release */,
			);
			defaultConfigurationIsVisible = 0;
			defaultConfigurationName = Release;
		};
		81A3678A1A130DF700D062F3 /* Build configuration list for PBXNativeTarget "WhereToEat" */ = {
			isa = XCConfigurationList;
			buildConfigurations = (
				81A3678B1A130DF700D062F3 /* Debug */,
				81A3678C1A130DF700D062F3 /* Release */,
			);
			defaultConfigurationIsVisible = 0;
		};
		81A3678D1A130DF700D062F3 /* Build configuration list for PBXNativeTarget "WhereToEatTests" */ = {
			isa = XCConfigurationList;
			buildConfigurations = (
				81A3678E1A130DF700D062F3 /* Debug */,
				81A3678F1A130DF700D062F3 /* Release */,
			);
			defaultConfigurationIsVisible = 0;
		};
/* End XCConfigurationList section */
	};
	rootObject = 81A3675F1A130DF700D062F3 /* Project object */;
}
